// !$*UTF8*$!
{
	archiveVersion = 1;
	classes = {
	};
	objectVersion = 46;
	objects = {

/* Begin PBXAggregateTarget section */
		4AE50E1E11F92A0800E27282 /* CZKit Documentation */ = {
			isa = PBXAggregateTarget;
			buildConfigurationList = 4AE50E2911F92A2000E27282 /* Build configuration list for PBXAggregateTarget "CZKit Documentation" */;
			buildPhases = (
				4AE50E1D11F92A0800E27282 /* ShellScript */,
			);
			dependencies = (
			);
			name = "CZKit Documentation";
			productName = Documentation;
		};
		4AE511FE11FA4DDA00E27282 /* Build All */ = {
			isa = PBXAggregateTarget;
			buildConfigurationList = 4AE5121411FA4E2A00E27282 /* Build configuration list for PBXAggregateTarget "Build All" */;
			buildPhases = (
			);
			dependencies = (
				4AE5120811FA4DF600E27282 /* PBXTargetDependency */,
				4AE5120411FA4DF600E27282 /* PBXTargetDependency */,
			);
			name = "Build All";
			productName = "Build All";
		};
/* End PBXAggregateTarget section */

/* Begin PBXBuildFile section */
		4A09AD8A13039839002AB524 /* CZModelObjectTest.m in Sources */ = {isa = PBXBuildFile; fileRef = 4A09AD8913039839002AB524 /* CZModelObjectTest.m */; };
		4A10F09413078FFF00FD37B3 /* CZTableViewCell.h in Headers */ = {isa = PBXBuildFile; fileRef = 4A10F09213078FFF00FD37B3 /* CZTableViewCell.h */; settings = {ATTRIBUTES = (Public, ); }; };
		4A10F09513078FFF00FD37B3 /* CZTableViewCell.h in CopyFiles */ = {isa = PBXBuildFile; fileRef = 4A10F09213078FFF00FD37B3 /* CZTableViewCell.h */; };
		4A10F09713078FFF00FD37B3 /* CZTableViewCell.m in Sources */ = {isa = PBXBuildFile; fileRef = 4A10F09313078FFF00FD37B3 /* CZTableViewCell.m */; };
		4A10F09813078FFF00FD37B3 /* CZTableViewCell.m in CopyFiles */ = {isa = PBXBuildFile; fileRef = 4A10F09313078FFF00FD37B3 /* CZTableViewCell.m */; };
		4A10F09B13079CD600FD37B3 /* CZMacros.h in Headers */ = {isa = PBXBuildFile; fileRef = 4A10F09913079CD600FD37B3 /* CZMacros.h */; settings = {ATTRIBUTES = (Public, ); }; };
		4A10F09C13079CD600FD37B3 /* CZMacros.h in CopyFiles */ = {isa = PBXBuildFile; fileRef = 4A10F09913079CD600FD37B3 /* CZMacros.h */; };
		4A10F0A113079F5300FD37B3 /* CZColor.h in Headers */ = {isa = PBXBuildFile; fileRef = 4A10F09F13079F5300FD37B3 /* CZColor.h */; settings = {ATTRIBUTES = (Public, ); }; };
		4A10F0A213079F5300FD37B3 /* CZColor.h in CopyFiles */ = {isa = PBXBuildFile; fileRef = 4A10F09F13079F5300FD37B3 /* CZColor.h */; };
		4A10F0A81307A10800FD37B3 /* CZGraphics.h in Headers */ = {isa = PBXBuildFile; fileRef = 4A10F0A61307A10800FD37B3 /* CZGraphics.h */; settings = {ATTRIBUTES = (Public, ); }; };
		4A10F0A91307A10800FD37B3 /* CZGraphics.h in CopyFiles */ = {isa = PBXBuildFile; fileRef = 4A10F0A61307A10800FD37B3 /* CZGraphics.h */; };
		4A10F0AB1307A10800FD37B3 /* CZGraphics.m in Sources */ = {isa = PBXBuildFile; fileRef = 4A10F0A71307A10800FD37B3 /* CZGraphics.m */; };
		4A10F0AC1307A10800FD37B3 /* CZGraphics.m in CopyFiles */ = {isa = PBXBuildFile; fileRef = 4A10F0A71307A10800FD37B3 /* CZGraphics.m */; };
		4A42FCF81307A809000B4EDA /* CZLabel.h in Headers */ = {isa = PBXBuildFile; fileRef = 4A42FCF61307A808000B4EDA /* CZLabel.h */; settings = {ATTRIBUTES = (Public, ); }; };
		4A42FCF91307A809000B4EDA /* CZLabel.h in CopyFiles */ = {isa = PBXBuildFile; fileRef = 4A42FCF61307A808000B4EDA /* CZLabel.h */; };
		4A42FCFB1307A809000B4EDA /* CZLabel.m in Sources */ = {isa = PBXBuildFile; fileRef = 4A42FCF71307A808000B4EDA /* CZLabel.m */; };
		4A42FCFC1307A809000B4EDA /* CZLabel.m in CopyFiles */ = {isa = PBXBuildFile; fileRef = 4A42FCF71307A808000B4EDA /* CZLabel.m */; };
		4A42FCFE1307A8FD000B4EDA /* QuartzCore.framework in Frameworks */ = {isa = PBXBuildFile; fileRef = 4A42FCFD1307A8FD000B4EDA /* QuartzCore.framework */; };
		4A42FCFF1307A8FD000B4EDA /* QuartzCore.framework in Frameworks */ = {isa = PBXBuildFile; fileRef = 4A42FCFD1307A8FD000B4EDA /* QuartzCore.framework */; };
		4A42FD001307A99E000B4EDA /* CZText.h in Headers */ = {isa = PBXBuildFile; fileRef = 4A42FCF31307A76E000B4EDA /* CZText.h */; settings = {ATTRIBUTES = (Public, ); }; };
		4A42FD011307A99E000B4EDA /* CZText.h in CopyFiles */ = {isa = PBXBuildFile; fileRef = 4A42FCF31307A76E000B4EDA /* CZText.h */; };
		4A42FD041307AAD5000B4EDA /* CZScrollView.h in Headers */ = {isa = PBXBuildFile; fileRef = 4A42FD021307AAD2000B4EDA /* CZScrollView.h */; settings = {ATTRIBUTES = (Public, ); }; };
		4A42FD051307AAD5000B4EDA /* CZScrollView.h in CopyFiles */ = {isa = PBXBuildFile; fileRef = 4A42FD021307AAD2000B4EDA /* CZScrollView.h */; };
		4A42FD071307AAD5000B4EDA /* CZScrollView.m in Sources */ = {isa = PBXBuildFile; fileRef = 4A42FD031307AAD3000B4EDA /* CZScrollView.m */; };
		4A42FD081307AAD5000B4EDA /* CZScrollView.m in CopyFiles */ = {isa = PBXBuildFile; fileRef = 4A42FD031307AAD3000B4EDA /* CZScrollView.m */; };
		4A5D82761311E48D0017A337 /* CZApplication.h in CopyFiles */ = {isa = PBXBuildFile; fileRef = 4A5D82731311E2A30017A337 /* CZApplication.h */; };
		4A5D82771311E48E0017A337 /* CZApplication.h in Headers */ = {isa = PBXBuildFile; fileRef = 4A5D82731311E2A30017A337 /* CZApplication.h */; settings = {ATTRIBUTES = (Public, ); }; };
		4A6C81D8130B0ADB00E65224 /* CZViewController.h in Headers */ = {isa = PBXBuildFile; fileRef = 4A6C81D6130B0AD400E65224 /* CZViewController.h */; settings = {ATTRIBUTES = (Public, ); }; };
		4A6C81D9130B0ADB00E65224 /* CZViewController.h in CopyFiles */ = {isa = PBXBuildFile; fileRef = 4A6C81D6130B0AD400E65224 /* CZViewController.h */; };
		4A6C81DB130B0ADB00E65224 /* CZViewController.m in Sources */ = {isa = PBXBuildFile; fileRef = 4A6C81D7130B0AD600E65224 /* CZViewController.m */; };
		4A6C81DC130B0ADB00E65224 /* CZViewController.m in CopyFiles */ = {isa = PBXBuildFile; fileRef = 4A6C81D7130B0AD600E65224 /* CZViewController.m */; };
		4A6C81DE130B4B8300E65224 /* CZView-Private.h in Headers */ = {isa = PBXBuildFile; fileRef = 4A6C81DD130B4B7F00E65224 /* CZView-Private.h */; settings = {ATTRIBUTES = (Public, ); }; };
		4A6C81DF130B4B8300E65224 /* CZView-Private.h in CopyFiles */ = {isa = PBXBuildFile; fileRef = 4A6C81DD130B4B7F00E65224 /* CZView-Private.h */; };
		4A6E4E041313658500BC3997 /* CZColor.m in Sources */ = {isa = PBXBuildFile; fileRef = 4A10F0A013079F5300FD37B3 /* CZColor.m */; };
		4A7A5B4B12CC3ACF00603CDD /* NSObject+CZCategories.h in CopyFiles */ = {isa = PBXBuildFile; fileRef = 4A7A5B4912CC3ACF00603CDD /* NSObject+CZCategories.h */; };
		4A7A5B4C12CC3ACF00603CDD /* NSObject+CZCategories.m in CopyFiles */ = {isa = PBXBuildFile; fileRef = 4A7A5B4A12CC3ACF00603CDD /* NSObject+CZCategories.m */; };
		4A7A5B4D12CC3ACF00603CDD /* NSObject+CZCategories.m in Sources */ = {isa = PBXBuildFile; fileRef = 4A7A5B4A12CC3ACF00603CDD /* NSObject+CZCategories.m */; };
		4A7A5B9612D059BA00603CDD /* CZControl.h in CopyFiles */ = {isa = PBXBuildFile; fileRef = 4A7A5B9412D059BA00603CDD /* CZControl.h */; };
		4A7A5B9712D059BA00603CDD /* CZControl.m in CopyFiles */ = {isa = PBXBuildFile; fileRef = 4A7A5B9512D059BA00603CDD /* CZControl.m */; };
		4A7A5B9812D059BA00603CDD /* CZControl.m in Sources */ = {isa = PBXBuildFile; fileRef = 4A7A5B9512D059BA00603CDD /* CZControl.m */; };
		4A7A5BA012D05A0300603CDD /* CZActionRecognizer.m in Sources */ = {isa = PBXBuildFile; fileRef = 4A7A5B9F12D05A0300603CDD /* CZActionRecognizer.m */; };
		4A7A5BA112D05A0300603CDD /* CZActionRecognizer.h in CopyFiles */ = {isa = PBXBuildFile; fileRef = 4A7A5B9E12D05A0300603CDD /* CZActionRecognizer.h */; };
		4A7A5BA212D05A0300603CDD /* CZActionRecognizer.m in CopyFiles */ = {isa = PBXBuildFile; fileRef = 4A7A5B9F12D05A0300603CDD /* CZActionRecognizer.m */; };
		4A7A5BDC12D05C8300603CDD /* CZView.m in Sources */ = {isa = PBXBuildFile; fileRef = 4A7A5BDB12D05C8300603CDD /* CZView.m */; };
		4A7A5BDD12D05C8300603CDD /* CZView.h in CopyFiles */ = {isa = PBXBuildFile; fileRef = 4A7A5BDA12D05C8300603CDD /* CZView.h */; };
		4A7A5BDE12D05C8300603CDD /* CZView.m in CopyFiles */ = {isa = PBXBuildFile; fileRef = 4A7A5BDB12D05C8300603CDD /* CZView.m */; };
		4A7A5BF812D0626500603CDD /* CZViewTests.m in Sources */ = {isa = PBXBuildFile; fileRef = 4A7A5BF712D0626500603CDD /* CZViewTests.m */; };
		4A7A5C5412D06B0B00603CDD /* CZActionRecognizerSubclass.h in CopyFiles */ = {isa = PBXBuildFile; fileRef = 4A7A5C5112D06B0B00603CDD /* CZActionRecognizerSubclass.h */; };
		4A7A5C6A12D06D1200603CDD /* CZClickActionRecognizer.m in Sources */ = {isa = PBXBuildFile; fileRef = 4A7A5C6912D06D1200603CDD /* CZClickActionRecognizer.m */; };
		4A7A5C6B12D06D1200603CDD /* CZClickActionRecognizer.h in CopyFiles */ = {isa = PBXBuildFile; fileRef = 4A7A5C6812D06D1200603CDD /* CZClickActionRecognizer.h */; };
		4A7A5C6C12D06D1200603CDD /* CZClickActionRecognizer.m in CopyFiles */ = {isa = PBXBuildFile; fileRef = 4A7A5C6912D06D1200603CDD /* CZClickActionRecognizer.m */; };
		4A7A5C6D12D06D2100603CDD /* CZActionRecognizer.h in Headers */ = {isa = PBXBuildFile; fileRef = 4A7A5B9E12D05A0300603CDD /* CZActionRecognizer.h */; settings = {ATTRIBUTES = (Public, ); }; };
		4A7A5C6E12D06D2100603CDD /* CZActionRecognizerSubclass.h in Headers */ = {isa = PBXBuildFile; fileRef = 4A7A5C5112D06B0B00603CDD /* CZActionRecognizerSubclass.h */; settings = {ATTRIBUTES = (Public, ); }; };
		4A7A5C6F12D06D2100603CDD /* CZClickActionRecognizer.h in Headers */ = {isa = PBXBuildFile; fileRef = 4A7A5C6812D06D1200603CDD /* CZClickActionRecognizer.h */; settings = {ATTRIBUTES = (Public, ); }; };
		4A7A5C7012D06D2100603CDD /* CZControl.h in Headers */ = {isa = PBXBuildFile; fileRef = 4A7A5B9412D059BA00603CDD /* CZControl.h */; settings = {ATTRIBUTES = (Public, ); }; };
		4A7A5C7112D06D2100603CDD /* CZView.h in Headers */ = {isa = PBXBuildFile; fileRef = 4A7A5BDA12D05C8300603CDD /* CZView.h */; settings = {ATTRIBUTES = (Public, ); }; };
		4A90F23D12FE2AEA00DD0365 /* CZModelObject.h in Headers */ = {isa = PBXBuildFile; fileRef = 4A90F23B12FE2AEA00DD0365 /* CZModelObject.h */; settings = {ATTRIBUTES = (Public, ); }; };
		4A90F23E12FE2AEA00DD0365 /* CZModelObject.h in CopyFiles */ = {isa = PBXBuildFile; fileRef = 4A90F23B12FE2AEA00DD0365 /* CZModelObject.h */; };
		4A90F24012FE2AEA00DD0365 /* CZModelObject.m in Sources */ = {isa = PBXBuildFile; fileRef = 4A90F23C12FE2AEA00DD0365 /* CZModelObject.m */; };
		4A90F24112FE2AEA00DD0365 /* CZModelObject.m in CopyFiles */ = {isa = PBXBuildFile; fileRef = 4A90F23C12FE2AEA00DD0365 /* CZModelObject.m */; };
		4A9F9469120DF52B004CBE02 /* CoreGraphics.framework in Frameworks */ = {isa = PBXBuildFile; fileRef = 4AE50C4F11F924D900E27282 /* CoreGraphics.framework */; settings = {ATTRIBUTES = (Weak, ); }; };
		4A9F946A120DF52B004CBE02 /* Foundation.framework in Frameworks */ = {isa = PBXBuildFile; fileRef = 4AE50D0911F924FA00E27282 /* Foundation.framework */; };
		4A9F9486120DF5DA004CBE02 /* CZDebugger.h in CopyFiles */ = {isa = PBXBuildFile; fileRef = 4A9F9484120DF5DA004CBE02 /* CZDebugger.h */; };
		4A9F9487120DF5DA004CBE02 /* CZDebugger.m in CopyFiles */ = {isa = PBXBuildFile; fileRef = 4A9F9485120DF5DA004CBE02 /* CZDebugger.m */; };
		4A9F9488120DF5DA004CBE02 /* CZDebugger.m in Sources */ = {isa = PBXBuildFile; fileRef = 4A9F9485120DF5DA004CBE02 /* CZDebugger.m */; };
		4A9F94CA120DFC35004CBE02 /* libCZCore.a in Frameworks */ = {isa = PBXBuildFile; fileRef = 4A9F946E120DF52B004CBE02 /* libCZCore.a */; };
		4A9F9589120DFCBC004CBE02 /* CZDebuggerTest.m in Sources */ = {isa = PBXBuildFile; fileRef = 4A9F9588120DFCBC004CBE02 /* CZDebuggerTest.m */; };
		4A9F958C120DFD8C004CBE02 /* CZDebugger.h in Headers */ = {isa = PBXBuildFile; fileRef = 4A9F9484120DF5DA004CBE02 /* CZDebugger.h */; settings = {ATTRIBUTES = (Public, ); }; };
		4A9F95B2120E36BD004CBE02 /* CZCore.h in CopyFiles */ = {isa = PBXBuildFile; fileRef = 4A9F95B1120E36BD004CBE02 /* CZCore.h */; };
		4A9F95B3120E36BD004CBE02 /* CZCore.h in Headers */ = {isa = PBXBuildFile; fileRef = 4A9F95B1120E36BD004CBE02 /* CZCore.h */; settings = {ATTRIBUTES = (Public, ); }; };
		4A9F95B5120E36FB004CBE02 /* CZCategories.h in CopyFiles */ = {isa = PBXBuildFile; fileRef = 4A9F95B4120E36FB004CBE02 /* CZCategories.h */; };
		4A9F95B6120E36FB004CBE02 /* CZCategories.h in Headers */ = {isa = PBXBuildFile; fileRef = 4A9F95B4120E36FB004CBE02 /* CZCategories.h */; settings = {ATTRIBUTES = (Public, ); }; };
		4A9F95B8120E3765004CBE02 /* CZUtilities.h in CopyFiles */ = {isa = PBXBuildFile; fileRef = 4A9F95B7120E3765004CBE02 /* CZUtilities.h */; };
		4A9F95B9120E3765004CBE02 /* CZUtilities.h in Headers */ = {isa = PBXBuildFile; fileRef = 4A9F95B7120E3765004CBE02 /* CZUtilities.h */; settings = {ATTRIBUTES = (Public, ); }; };
		4A9F95BB120E37B2004CBE02 /* CZUI.h in CopyFiles */ = {isa = PBXBuildFile; fileRef = 4A9F95BA120E37B2004CBE02 /* CZUI.h */; };
		4A9F95BC120E37B2004CBE02 /* CZUI.h in Headers */ = {isa = PBXBuildFile; fileRef = 4A9F95BA120E37B2004CBE02 /* CZUI.h */; settings = {ATTRIBUTES = (Public, ); }; };
		4AB4476811F91AB70063FC70 /* libCZCategories.a in Frameworks */ = {isa = PBXBuildFile; fileRef = 4ABCBFCD11F9130800851859 /* libCZCategories.a */; };
		4AB4477B11F91FD30063FC70 /* NSArray+CZCategories.m in Sources */ = {isa = PBXBuildFile; fileRef = 4AB4476F11F91FD30063FC70 /* NSArray+CZCategories.m */; };
		4AB4477D11F91FD30063FC70 /* NSColor+CZCategories.m in Sources */ = {isa = PBXBuildFile; fileRef = 4AB4477111F91FD30063FC70 /* NSColor+CZCategories.m */; };
		4AB4477F11F91FD30063FC70 /* NSData+CZCategories.m in Sources */ = {isa = PBXBuildFile; fileRef = 4AB4477311F91FD30063FC70 /* NSData+CZCategories.m */; };
		4AB4478111F91FD30063FC70 /* NSFileManager+CZCategories.m in Sources */ = {isa = PBXBuildFile; fileRef = 4AB4477511F91FD30063FC70 /* NSFileManager+CZCategories.m */; };
		4AB4478311F91FD30063FC70 /* NSImage+CZCategories.m in Sources */ = {isa = PBXBuildFile; fileRef = 4AB4477711F91FD30063FC70 /* NSImage+CZCategories.m */; };
		4AB4478511F91FD30063FC70 /* NSString+CZCategories.m in Sources */ = {isa = PBXBuildFile; fileRef = 4AB4477911F91FD30063FC70 /* NSString+CZCategories.m */; };
		4AB7EC40130B52EA00E2125C /* CZScroller.h in Headers */ = {isa = PBXBuildFile; fileRef = 4AB7EC3E130B52EA00E2125C /* CZScroller.h */; settings = {ATTRIBUTES = (Public, ); }; };
		4AB7EC41130B52EA00E2125C /* CZScroller.h in CopyFiles */ = {isa = PBXBuildFile; fileRef = 4AB7EC3E130B52EA00E2125C /* CZScroller.h */; };
		4AB7EC43130B52EA00E2125C /* CZScroller.m in Sources */ = {isa = PBXBuildFile; fileRef = 4AB7EC3F130B52EA00E2125C /* CZScroller.m */; };
		4AB7EC44130B52EA00E2125C /* CZScroller.m in CopyFiles */ = {isa = PBXBuildFile; fileRef = 4AB7EC3F130B52EA00E2125C /* CZScroller.m */; };
		4AB7EC47130C43DA00E2125C /* CZNSWindow.h in Headers */ = {isa = PBXBuildFile; fileRef = 4AB7EC45130C43D500E2125C /* CZNSWindow.h */; settings = {ATTRIBUTES = (Public, ); }; };
		4AB7EC48130C43DA00E2125C /* CZNSWindow.h in CopyFiles */ = {isa = PBXBuildFile; fileRef = 4AB7EC45130C43D500E2125C /* CZNSWindow.h */; };
		4AB7EC4A130C43DA00E2125C /* CZNSWindow.m in Sources */ = {isa = PBXBuildFile; fileRef = 4AB7EC46130C43D600E2125C /* CZNSWindow.m */; };
		4AB7EC4B130C43DA00E2125C /* CZNSWindow.m in CopyFiles */ = {isa = PBXBuildFile; fileRef = 4AB7EC46130C43D600E2125C /* CZNSWindow.m */; };
		4AB7EC4E130C453300E2125C /* CZWindow.h in Headers */ = {isa = PBXBuildFile; fileRef = 4AB7EC4C130C452C00E2125C /* CZWindow.h */; settings = {ATTRIBUTES = (Public, ); }; };
		4AB7EC4F130C453300E2125C /* CZWindow.h in CopyFiles */ = {isa = PBXBuildFile; fileRef = 4AB7EC4C130C452C00E2125C /* CZWindow.h */; };
		4AB7EC51130C453300E2125C /* CZWindow.m in Sources */ = {isa = PBXBuildFile; fileRef = 4AB7EC4D130C452F00E2125C /* CZWindow.m */; };
		4AB7EC52130C453300E2125C /* CZWindow.m in CopyFiles */ = {isa = PBXBuildFile; fileRef = 4AB7EC4D130C452F00E2125C /* CZWindow.m */; };
		4ADE7D1E130785F90055959E /* CZTableView.h in Headers */ = {isa = PBXBuildFile; fileRef = 4ADE7D1C130785F90055959E /* CZTableView.h */; settings = {ATTRIBUTES = (Public, ); }; };
		4ADE7D1F130785F90055959E /* CZTableView.h in CopyFiles */ = {isa = PBXBuildFile; fileRef = 4ADE7D1C130785F90055959E /* CZTableView.h */; };
		4ADE7D21130785F90055959E /* CZTableView.m in Sources */ = {isa = PBXBuildFile; fileRef = 4ADE7D1D130785F90055959E /* CZTableView.m */; };
		4ADE7D22130785F90055959E /* CZTableView.m in CopyFiles */ = {isa = PBXBuildFile; fileRef = 4ADE7D1D130785F90055959E /* CZTableView.m */; };
		4ADE7D26130786280055959E /* CZTableViewController.h in Headers */ = {isa = PBXBuildFile; fileRef = 4ADE7D23130786280055959E /* CZTableViewController.h */; settings = {ATTRIBUTES = (Public, ); }; };
		4ADE7D27130786280055959E /* CZTableViewController.h in CopyFiles */ = {isa = PBXBuildFile; fileRef = 4ADE7D23130786280055959E /* CZTableViewController.h */; };
		4ADE7D29130786280055959E /* CZTableViewController.m in Sources */ = {isa = PBXBuildFile; fileRef = 4ADE7D24130786280055959E /* CZTableViewController.m */; };
		4ADE7D2A130786280055959E /* CZTableViewController.m in CopyFiles */ = {isa = PBXBuildFile; fileRef = 4ADE7D24130786280055959E /* CZTableViewController.m */; };
		4AE50C4C11F9249600E27282 /* AppKit.framework in Frameworks */ = {isa = PBXBuildFile; fileRef = 4AE50C4B11F9249600E27282 /* AppKit.framework */; };
		4AE50D8C11F9251000E27282 /* Foundation.framework in Frameworks */ = {isa = PBXBuildFile; fileRef = 4AE50D0911F924FA00E27282 /* Foundation.framework */; };
		4AE50D8F11F9252300E27282 /* CoreGraphics.framework in Frameworks */ = {isa = PBXBuildFile; fileRef = 4AE50C4F11F924D900E27282 /* CoreGraphics.framework */; settings = {ATTRIBUTES = (Weak, ); }; };
		4AE50DAC11F9263800E27282 /* NSArray+CZCategories.h in Headers */ = {isa = PBXBuildFile; fileRef = 4AB4476E11F91FD30063FC70 /* NSArray+CZCategories.h */; settings = {ATTRIBUTES = (Public, ); }; };
		4AE50DAE11F9263800E27282 /* NSColor+CZCategories.h in Headers */ = {isa = PBXBuildFile; fileRef = 4AB4477011F91FD30063FC70 /* NSColor+CZCategories.h */; settings = {ATTRIBUTES = (Public, ); }; };
		4AE50DB011F9263800E27282 /* NSData+CZCategories.h in Headers */ = {isa = PBXBuildFile; fileRef = 4AB4477211F91FD30063FC70 /* NSData+CZCategories.h */; settings = {ATTRIBUTES = (Public, ); }; };
		4AE50DB211F9263800E27282 /* NSFileManager+CZCategories.h in Headers */ = {isa = PBXBuildFile; fileRef = 4AB4477411F91FD30063FC70 /* NSFileManager+CZCategories.h */; settings = {ATTRIBUTES = (Public, ); }; };
		4AE50DB411F9263800E27282 /* NSImage+CZCategories.h in Headers */ = {isa = PBXBuildFile; fileRef = 4AB4477611F91FD30063FC70 /* NSImage+CZCategories.h */; settings = {ATTRIBUTES = (Public, ); }; };
		4AE50DB611F9263800E27282 /* NSString+CZCategories.h in Headers */ = {isa = PBXBuildFile; fileRef = 4AB4477811F91FD30063FC70 /* NSString+CZCategories.h */; settings = {ATTRIBUTES = (Public, ); }; };
		4AE50DC211F9266D00E27282 /* CZKit.h in Headers */ = {isa = PBXBuildFile; fileRef = 4AE50DC011F9266D00E27282 /* CZKit.h */; settings = {ATTRIBUTES = (Public, ); }; };
		4AE50DC311F9266D00E27282 /* CZKit.m in Sources */ = {isa = PBXBuildFile; fileRef = 4AE50DC111F9266D00E27282 /* CZKit.m */; };
		4AE50DD611F927A900E27282 /* CoreGraphics.framework in Frameworks */ = {isa = PBXBuildFile; fileRef = 4AE50C4F11F924D900E27282 /* CoreGraphics.framework */; settings = {ATTRIBUTES = (Weak, ); }; };
		4AE50DD711F927A900E27282 /* Foundation.framework in Frameworks */ = {isa = PBXBuildFile; fileRef = 4AE50D0911F924FA00E27282 /* Foundation.framework */; };
		4AE50DDD11F927DA00E27282 /* CZAppPrefs.m in Sources */ = {isa = PBXBuildFile; fileRef = 4AE50DCB11F9279A00E27282 /* CZAppPrefs.m */; };
		4AE50DDE11F927DA00E27282 /* CZColors.m in Sources */ = {isa = PBXBuildFile; fileRef = 4AE50DCD11F9279A00E27282 /* CZColors.m */; };
		4AE50DE111F927E500E27282 /* CZAppPrefs.h in Headers */ = {isa = PBXBuildFile; fileRef = 4AE50DCA11F9279A00E27282 /* CZAppPrefs.h */; settings = {ATTRIBUTES = (Public, ); }; };
		4AE50DE211F927E500E27282 /* CZColors.h in Headers */ = {isa = PBXBuildFile; fileRef = 4AE50DCC11F9279A00E27282 /* CZColors.h */; settings = {ATTRIBUTES = (Public, ); }; };
		4AE50DE711F927F100E27282 /* libCZUtilities.a in Frameworks */ = {isa = PBXBuildFile; fileRef = 4AE50DDB11F927A900E27282 /* libCZUtilities.a */; };
		4AE50E0411F928DD00E27282 /* CoreGraphics.framework in Frameworks */ = {isa = PBXBuildFile; fileRef = 4AE50C4F11F924D900E27282 /* CoreGraphics.framework */; settings = {ATTRIBUTES = (Weak, ); }; };
		4AE50E0511F928DD00E27282 /* Foundation.framework in Frameworks */ = {isa = PBXBuildFile; fileRef = 4AE50D0911F924FA00E27282 /* Foundation.framework */; };
		4AE50E0A11F928FE00E27282 /* CZIconImageView.m in Sources */ = {isa = PBXBuildFile; fileRef = 4AE50DFC11F928D500E27282 /* CZIconImageView.m */; };
		4AE50E0B11F9290800E27282 /* CZIconImageView.h in Headers */ = {isa = PBXBuildFile; fileRef = 4AE50DFB11F928D500E27282 /* CZIconImageView.h */; settings = {ATTRIBUTES = (Public, ); }; };
		4AE50E0E11F9291200E27282 /* libCZUI.a in Frameworks */ = {isa = PBXBuildFile; fileRef = 4AE50E0911F928DD00E27282 /* libCZUI.a */; };
		4AE50E6811F93B6F00E27282 /* CZKit.h in CopyFiles */ = {isa = PBXBuildFile; fileRef = 4AE50DC011F9266D00E27282 /* CZKit.h */; };
		4AE50E9311F93BFC00E27282 /* NSArray+CZCategories.h in CopyFiles */ = {isa = PBXBuildFile; fileRef = 4AB4476E11F91FD30063FC70 /* NSArray+CZCategories.h */; };
		4AE50E9411F93BFC00E27282 /* NSColor+CZCategories.h in CopyFiles */ = {isa = PBXBuildFile; fileRef = 4AB4477011F91FD30063FC70 /* NSColor+CZCategories.h */; };
		4AE50E9511F93BFC00E27282 /* NSData+CZCategories.h in CopyFiles */ = {isa = PBXBuildFile; fileRef = 4AB4477211F91FD30063FC70 /* NSData+CZCategories.h */; };
		4AE50E9611F93BFC00E27282 /* NSFileManager+CZCategories.h in CopyFiles */ = {isa = PBXBuildFile; fileRef = 4AB4477411F91FD30063FC70 /* NSFileManager+CZCategories.h */; };
		4AE50E9711F93BFC00E27282 /* NSImage+CZCategories.h in CopyFiles */ = {isa = PBXBuildFile; fileRef = 4AB4477611F91FD30063FC70 /* NSImage+CZCategories.h */; };
		4AE50E9811F93BFC00E27282 /* NSString+CZCategories.h in CopyFiles */ = {isa = PBXBuildFile; fileRef = 4AB4477811F91FD30063FC70 /* NSString+CZCategories.h */; };
		4AE50E9A11F93C0E00E27282 /* CZAppPrefs.h in CopyFiles */ = {isa = PBXBuildFile; fileRef = 4AE50DCA11F9279A00E27282 /* CZAppPrefs.h */; };
		4AE50E9B11F93C0E00E27282 /* CZColors.h in CopyFiles */ = {isa = PBXBuildFile; fileRef = 4AE50DCC11F9279A00E27282 /* CZColors.h */; };
		4AE50E9E11F93C0E00E27282 /* CZIconImageView.h in CopyFiles */ = {isa = PBXBuildFile; fileRef = 4AE50DFB11F928D500E27282 /* CZIconImageView.h */; };
		4AE50EC611F9424A00E27282 /* CZAppPrefsTest.m in Sources */ = {isa = PBXBuildFile; fileRef = 4AE50EBF11F9424A00E27282 /* CZAppPrefsTest.m */; };
		4AE50EC711F9424A00E27282 /* CZCategoriesTest.m in Sources */ = {isa = PBXBuildFile; fileRef = 4AE50EC111F9424A00E27282 /* CZCategoriesTest.m */; };
		4AE50EC911F9424A00E27282 /* Hashable.txt in Resources */ = {isa = PBXBuildFile; fileRef = 4AE50EC411F9424A00E27282 /* Hashable.txt */; };
		4AE50ECA11F9424A00E27282 /* ViewConversionTestView.xib in Resources */ = {isa = PBXBuildFile; fileRef = 4AE50EC511F9424A00E27282 /* ViewConversionTestView.xib */; };
		4AE5100211F9425D00E27282 /* AppKit.framework in Frameworks */ = {isa = PBXBuildFile; fileRef = 4AE50C4B11F9249600E27282 /* AppKit.framework */; };
		4AE5100511F9426900E27282 /* Foundation.framework in Frameworks */ = {isa = PBXBuildFile; fileRef = 4AE50D0911F924FA00E27282 /* Foundation.framework */; };
		4AE5102911F942FB00E27282 /* CZKit.framework in Frameworks */ = {isa = PBXBuildFile; fileRef = 4A0A272F11F90F5D00223866 /* CZKit.framework */; };
		4AE5103011F9432100E27282 /* CZKit.framework in Copy Frameworks */ = {isa = PBXBuildFile; fileRef = 4A0A272F11F90F5D00223866 /* CZKit.framework */; };
/* End PBXBuildFile section */

/* Begin PBXContainerItemProxy section */
		4A9F9463120DF52B004CBE02 /* PBXContainerItemProxy */ = {
			isa = PBXContainerItemProxy;
			containerPortal = 4A0A272111F90F5C00223866 /* Project object */;
			proxyType = 1;
			remoteGlobalIDString = 4AE50E5F11F93B2C00E27282;
			remoteInfo = "CZKit Headers";
		};
		4A9F9473120DF538004CBE02 /* PBXContainerItemProxy */ = {
			isa = PBXContainerItemProxy;
			containerPortal = 4A0A272111F90F5C00223866 /* Project object */;
			proxyType = 1;
			remoteGlobalIDString = 4A9F9461120DF52B004CBE02;
			remoteInfo = CZCore;
		};
		4AB4478611F9201A0063FC70 /* PBXContainerItemProxy */ = {
			isa = PBXContainerItemProxy;
			containerPortal = 4A0A272111F90F5C00223866 /* Project object */;
			proxyType = 1;
			remoteGlobalIDString = 4ABCBFCC11F9130800851859;
			remoteInfo = CZCategories;
		};
		4AE50DE511F927ED00E27282 /* PBXContainerItemProxy */ = {
			isa = PBXContainerItemProxy;
			containerPortal = 4A0A272111F90F5C00223866 /* Project object */;
			proxyType = 1;
			remoteGlobalIDString = 4AE50DD211F927A900E27282;
			remoteInfo = CZUtilities;
		};
		4AE50E0C11F9290F00E27282 /* PBXContainerItemProxy */ = {
			isa = PBXContainerItemProxy;
			containerPortal = 4A0A272111F90F5C00223866 /* Project object */;
			proxyType = 1;
			remoteGlobalIDString = 4AE50DFD11F928DD00E27282;
			remoteInfo = CZViews;
		};
		4AE50E6B11F93B8100E27282 /* PBXContainerItemProxy */ = {
			isa = PBXContainerItemProxy;
			containerPortal = 4A0A272111F90F5C00223866 /* Project object */;
			proxyType = 1;
			remoteGlobalIDString = 4AE50E5F11F93B2C00E27282;
			remoteInfo = "CZKit Headers";
		};
		4AE50E6D11F93B8300E27282 /* PBXContainerItemProxy */ = {
			isa = PBXContainerItemProxy;
			containerPortal = 4A0A272111F90F5C00223866 /* Project object */;
			proxyType = 1;
			remoteGlobalIDString = 4AE50E5F11F93B2C00E27282;
			remoteInfo = "CZKit Headers";
		};
		4AE50E7111F93B8600E27282 /* PBXContainerItemProxy */ = {
			isa = PBXContainerItemProxy;
			containerPortal = 4A0A272111F90F5C00223866 /* Project object */;
			proxyType = 1;
			remoteGlobalIDString = 4AE50E5F11F93B2C00E27282;
			remoteInfo = "CZKit Headers";
		};
		4AE5103411F9433300E27282 /* PBXContainerItemProxy */ = {
			isa = PBXContainerItemProxy;
			containerPortal = 4A0A272111F90F5C00223866 /* Project object */;
			proxyType = 1;
			remoteGlobalIDString = 4A0A272E11F90F5D00223866;
			remoteInfo = CZKit;
		};
		4AE5120311FA4DF600E27282 /* PBXContainerItemProxy */ = {
			isa = PBXContainerItemProxy;
			containerPortal = 4A0A272111F90F5C00223866 /* Project object */;
			proxyType = 1;
			remoteGlobalIDString = 4AE50EA711F941D900E27282;
			remoteInfo = "CZKit Unit Tests";
		};
		4AE5120711FA4DF600E27282 /* PBXContainerItemProxy */ = {
			isa = PBXContainerItemProxy;
			containerPortal = 4A0A272111F90F5C00223866 /* Project object */;
			proxyType = 1;
			remoteGlobalIDString = 4AE50E1E11F92A0800E27282;
			remoteInfo = "CZKit Documentation";
		};
/* End PBXContainerItemProxy section */

/* Begin PBXCopyFilesBuildPhase section */
		4AE50E9211F93BF100E27282 /* CopyFiles */ = {
			isa = PBXCopyFilesBuildPhase;
			buildActionMask = 2147483647;
			dstPath = "";
			dstSubfolderSpec = 1;
			files = (
				4AE50E6811F93B6F00E27282 /* CZKit.h in CopyFiles */,
				4AE50E9311F93BFC00E27282 /* NSArray+CZCategories.h in CopyFiles */,
				4AE50E9411F93BFC00E27282 /* NSColor+CZCategories.h in CopyFiles */,
				4AE50E9511F93BFC00E27282 /* NSData+CZCategories.h in CopyFiles */,
				4AE50E9611F93BFC00E27282 /* NSFileManager+CZCategories.h in CopyFiles */,
				4AE50E9711F93BFC00E27282 /* NSImage+CZCategories.h in CopyFiles */,
				4AE50E9811F93BFC00E27282 /* NSString+CZCategories.h in CopyFiles */,
				4AE50E9A11F93C0E00E27282 /* CZAppPrefs.h in CopyFiles */,
				4AE50E9B11F93C0E00E27282 /* CZColors.h in CopyFiles */,
				4AE50E9E11F93C0E00E27282 /* CZIconImageView.h in CopyFiles */,
				4A9F9486120DF5DA004CBE02 /* CZDebugger.h in CopyFiles */,
				4A9F9487120DF5DA004CBE02 /* CZDebugger.m in CopyFiles */,
				4A9F95B2120E36BD004CBE02 /* CZCore.h in CopyFiles */,
				4A9F95B5120E36FB004CBE02 /* CZCategories.h in CopyFiles */,
				4A9F95B8120E3765004CBE02 /* CZUtilities.h in CopyFiles */,
				4A9F95BB120E37B2004CBE02 /* CZUI.h in CopyFiles */,
				4A7A5B4B12CC3ACF00603CDD /* NSObject+CZCategories.h in CopyFiles */,
				4A7A5B4C12CC3ACF00603CDD /* NSObject+CZCategories.m in CopyFiles */,
				4A7A5B9612D059BA00603CDD /* CZControl.h in CopyFiles */,
				4A7A5B9712D059BA00603CDD /* CZControl.m in CopyFiles */,
				4A7A5BA112D05A0300603CDD /* CZActionRecognizer.h in CopyFiles */,
				4A7A5BA212D05A0300603CDD /* CZActionRecognizer.m in CopyFiles */,
				4A7A5BDD12D05C8300603CDD /* CZView.h in CopyFiles */,
				4A7A5BDE12D05C8300603CDD /* CZView.m in CopyFiles */,
				4A7A5C5412D06B0B00603CDD /* CZActionRecognizerSubclass.h in CopyFiles */,
				4A7A5C6B12D06D1200603CDD /* CZClickActionRecognizer.h in CopyFiles */,
				4A7A5C6C12D06D1200603CDD /* CZClickActionRecognizer.m in CopyFiles */,
				4A90F23E12FE2AEA00DD0365 /* CZModelObject.h in CopyFiles */,
				4A90F24112FE2AEA00DD0365 /* CZModelObject.m in CopyFiles */,
				4ADE7D1F130785F90055959E /* CZTableView.h in CopyFiles */,
				4ADE7D22130785F90055959E /* CZTableView.m in CopyFiles */,
				4ADE7D27130786280055959E /* CZTableViewController.h in CopyFiles */,
				4ADE7D2A130786280055959E /* CZTableViewController.m in CopyFiles */,
				4A10F09513078FFF00FD37B3 /* CZTableViewCell.h in CopyFiles */,
				4A10F09813078FFF00FD37B3 /* CZTableViewCell.m in CopyFiles */,
				4A10F09C13079CD600FD37B3 /* CZMacros.h in CopyFiles */,
				4A10F0A213079F5300FD37B3 /* CZColor.h in CopyFiles */,
				4A10F0A91307A10800FD37B3 /* CZGraphics.h in CopyFiles */,
				4A10F0AC1307A10800FD37B3 /* CZGraphics.m in CopyFiles */,
				4A42FCF91307A809000B4EDA /* CZLabel.h in CopyFiles */,
				4A42FCFC1307A809000B4EDA /* CZLabel.m in CopyFiles */,
				4A42FD011307A99E000B4EDA /* CZText.h in CopyFiles */,
				4A42FD051307AAD5000B4EDA /* CZScrollView.h in CopyFiles */,
				4A42FD081307AAD5000B4EDA /* CZScrollView.m in CopyFiles */,
				4A6C81D9130B0ADB00E65224 /* CZViewController.h in CopyFiles */,
				4A6C81DC130B0ADB00E65224 /* CZViewController.m in CopyFiles */,
				4A6C81DF130B4B8300E65224 /* CZView-Private.h in CopyFiles */,
				4AB7EC41130B52EA00E2125C /* CZScroller.h in CopyFiles */,
				4AB7EC44130B52EA00E2125C /* CZScroller.m in CopyFiles */,
				4AB7EC48130C43DA00E2125C /* CZNSWindow.h in CopyFiles */,
				4AB7EC4B130C43DA00E2125C /* CZNSWindow.m in CopyFiles */,
				4AB7EC4F130C453300E2125C /* CZWindow.h in CopyFiles */,
				4AB7EC52130C453300E2125C /* CZWindow.m in CopyFiles */,
				4A5D82761311E48D0017A337 /* CZApplication.h in CopyFiles */,
			);
			runOnlyForDeploymentPostprocessing = 0;
		};
		4AE5103911F9435600E27282 /* Copy Frameworks */ = {
			isa = PBXCopyFilesBuildPhase;
			buildActionMask = 2147483647;
			dstPath = "";
			dstSubfolderSpec = 10;
			files = (
				4AE5103011F9432100E27282 /* CZKit.framework in Copy Frameworks */,
			);
			name = "Copy Frameworks";
			runOnlyForDeploymentPostprocessing = 0;
		};
/* End PBXCopyFilesBuildPhase section */

/* Begin PBXFileReference section */
		4A09AD8813039839002AB524 /* CZModelObjectTest.h */ = {isa = PBXFileReference; fileEncoding = 4; lastKnownFileType = sourcecode.c.h; path = CZModelObjectTest.h; sourceTree = "<group>"; };
		4A09AD8913039839002AB524 /* CZModelObjectTest.m */ = {isa = PBXFileReference; fileEncoding = 4; lastKnownFileType = sourcecode.c.objc; path = CZModelObjectTest.m; sourceTree = "<group>"; };
		4A0A272F11F90F5D00223866 /* CZKit.framework */ = {isa = PBXFileReference; explicitFileType = wrapper.framework; includeInIndex = 0; path = CZKit.framework; sourceTree = BUILT_PRODUCTS_DIR; };
		4A10F09213078FFF00FD37B3 /* CZTableViewCell.h */ = {isa = PBXFileReference; fileEncoding = 4; lastKnownFileType = sourcecode.c.h; path = CZTableViewCell.h; sourceTree = "<group>"; };
		4A10F09313078FFF00FD37B3 /* CZTableViewCell.m */ = {isa = PBXFileReference; fileEncoding = 4; lastKnownFileType = sourcecode.c.objc; path = CZTableViewCell.m; sourceTree = "<group>"; };
		4A10F09913079CD600FD37B3 /* CZMacros.h */ = {isa = PBXFileReference; fileEncoding = 4; lastKnownFileType = sourcecode.c.h; path = CZMacros.h; sourceTree = "<group>"; };
		4A10F09F13079F5300FD37B3 /* CZColor.h */ = {isa = PBXFileReference; fileEncoding = 4; lastKnownFileType = sourcecode.c.h; path = CZColor.h; sourceTree = "<group>"; };
		4A10F0A013079F5300FD37B3 /* CZColor.m */ = {isa = PBXFileReference; fileEncoding = 4; lastKnownFileType = sourcecode.c.objc; path = CZColor.m; sourceTree = "<group>"; };
		4A10F0A61307A10800FD37B3 /* CZGraphics.h */ = {isa = PBXFileReference; fileEncoding = 4; lastKnownFileType = sourcecode.c.h; path = CZGraphics.h; sourceTree = "<group>"; };
		4A10F0A71307A10800FD37B3 /* CZGraphics.m */ = {isa = PBXFileReference; fileEncoding = 4; lastKnownFileType = sourcecode.c.objc; path = CZGraphics.m; sourceTree = "<group>"; };
		4A42FCF31307A76E000B4EDA /* CZText.h */ = {isa = PBXFileReference; fileEncoding = 4; lastKnownFileType = sourcecode.c.h; path = CZText.h; sourceTree = "<group>"; };
		4A42FCF61307A808000B4EDA /* CZLabel.h */ = {isa = PBXFileReference; fileEncoding = 4; lastKnownFileType = sourcecode.c.h; path = CZLabel.h; sourceTree = "<group>"; };
		4A42FCF71307A808000B4EDA /* CZLabel.m */ = {isa = PBXFileReference; fileEncoding = 4; lastKnownFileType = sourcecode.c.objc; path = CZLabel.m; sourceTree = "<group>"; };
		4A42FCFD1307A8FD000B4EDA /* QuartzCore.framework */ = {isa = PBXFileReference; lastKnownFileType = wrapper.framework; name = QuartzCore.framework; path = System/Library/Frameworks/QuartzCore.framework; sourceTree = SDKROOT; };
		4A42FD021307AAD2000B4EDA /* CZScrollView.h */ = {isa = PBXFileReference; fileEncoding = 4; lastKnownFileType = sourcecode.c.h; path = CZScrollView.h; sourceTree = "<group>"; };
		4A42FD031307AAD3000B4EDA /* CZScrollView.m */ = {isa = PBXFileReference; fileEncoding = 4; lastKnownFileType = sourcecode.c.objc; path = CZScrollView.m; sourceTree = "<group>"; };
		4A5D82731311E2A30017A337 /* CZApplication.h */ = {isa = PBXFileReference; fileEncoding = 4; lastKnownFileType = sourcecode.c.h; path = CZApplication.h; sourceTree = "<group>"; };
		4A5D82741311E2A40017A337 /* CZApplication.m */ = {isa = PBXFileReference; fileEncoding = 4; lastKnownFileType = sourcecode.c.objc; path = CZApplication.m; sourceTree = "<group>"; };
		4A6C81D6130B0AD400E65224 /* CZViewController.h */ = {isa = PBXFileReference; fileEncoding = 4; lastKnownFileType = sourcecode.c.h; path = CZViewController.h; sourceTree = "<group>"; };
		4A6C81D7130B0AD600E65224 /* CZViewController.m */ = {isa = PBXFileReference; fileEncoding = 4; lastKnownFileType = sourcecode.c.objc; path = CZViewController.m; sourceTree = "<group>"; };
		4A6C81DD130B4B7F00E65224 /* CZView-Private.h */ = {isa = PBXFileReference; fileEncoding = 4; lastKnownFileType = sourcecode.c.h; path = "CZView-Private.h"; sourceTree = "<group>"; };
		4A7A5B4912CC3ACF00603CDD /* NSObject+CZCategories.h */ = {isa = PBXFileReference; fileEncoding = 4; lastKnownFileType = sourcecode.c.h; path = "NSObject+CZCategories.h"; sourceTree = "<group>"; };
		4A7A5B4A12CC3ACF00603CDD /* NSObject+CZCategories.m */ = {isa = PBXFileReference; fileEncoding = 4; lastKnownFileType = sourcecode.c.objc; path = "NSObject+CZCategories.m"; sourceTree = "<group>"; };
		4A7A5B9412D059BA00603CDD /* CZControl.h */ = {isa = PBXFileReference; fileEncoding = 4; lastKnownFileType = sourcecode.c.h; path = CZControl.h; sourceTree = "<group>"; };
		4A7A5B9512D059BA00603CDD /* CZControl.m */ = {isa = PBXFileReference; fileEncoding = 4; lastKnownFileType = sourcecode.c.objc; path = CZControl.m; sourceTree = "<group>"; };
		4A7A5B9E12D05A0300603CDD /* CZActionRecognizer.h */ = {isa = PBXFileReference; fileEncoding = 4; lastKnownFileType = sourcecode.c.h; path = CZActionRecognizer.h; sourceTree = "<group>"; };
		4A7A5B9F12D05A0300603CDD /* CZActionRecognizer.m */ = {isa = PBXFileReference; fileEncoding = 4; lastKnownFileType = sourcecode.c.objc; path = CZActionRecognizer.m; sourceTree = "<group>"; };
		4A7A5BDA12D05C8300603CDD /* CZView.h */ = {isa = PBXFileReference; fileEncoding = 4; lastKnownFileType = sourcecode.c.h; path = CZView.h; sourceTree = "<group>"; };
		4A7A5BDB12D05C8300603CDD /* CZView.m */ = {isa = PBXFileReference; fileEncoding = 4; lastKnownFileType = sourcecode.c.objc; path = CZView.m; sourceTree = "<group>"; };
		4A7A5BF612D0626500603CDD /* CZViewTests.h */ = {isa = PBXFileReference; fileEncoding = 4; lastKnownFileType = sourcecode.c.h; path = CZViewTests.h; sourceTree = "<group>"; };
		4A7A5BF712D0626500603CDD /* CZViewTests.m */ = {isa = PBXFileReference; fileEncoding = 4; lastKnownFileType = sourcecode.c.objc; path = CZViewTests.m; sourceTree = "<group>"; };
		4A7A5C5112D06B0B00603CDD /* CZActionRecognizerSubclass.h */ = {isa = PBXFileReference; fileEncoding = 4; lastKnownFileType = sourcecode.c.h; path = CZActionRecognizerSubclass.h; sourceTree = "<group>"; };
		4A7A5C6812D06D1200603CDD /* CZClickActionRecognizer.h */ = {isa = PBXFileReference; fileEncoding = 4; lastKnownFileType = sourcecode.c.h; path = CZClickActionRecognizer.h; sourceTree = "<group>"; };
		4A7A5C6912D06D1200603CDD /* CZClickActionRecognizer.m */ = {isa = PBXFileReference; fileEncoding = 4; lastKnownFileType = sourcecode.c.objc; path = CZClickActionRecognizer.m; sourceTree = "<group>"; };
		4A90F23B12FE2AEA00DD0365 /* CZModelObject.h */ = {isa = PBXFileReference; fileEncoding = 4; lastKnownFileType = sourcecode.c.h; path = CZModelObject.h; sourceTree = "<group>"; };
		4A90F23C12FE2AEA00DD0365 /* CZModelObject.m */ = {isa = PBXFileReference; fileEncoding = 4; lastKnownFileType = sourcecode.c.objc; path = CZModelObject.m; sourceTree = "<group>"; };
		4A9F9445120CDC3A004CBE02 /* CZGradientPicker.h */ = {isa = PBXFileReference; fileEncoding = 4; lastKnownFileType = sourcecode.c.h; path = CZGradientPicker.h; sourceTree = "<group>"; };
		4A9F9446120CDC3A004CBE02 /* CZGradientPicker.m */ = {isa = PBXFileReference; fileEncoding = 4; lastKnownFileType = sourcecode.c.objc; path = CZGradientPicker.m; sourceTree = "<group>"; };
		4A9F944C120CDC44004CBE02 /* CZGradientPickerCell.h */ = {isa = PBXFileReference; fileEncoding = 4; lastKnownFileType = sourcecode.c.h; path = CZGradientPickerCell.h; sourceTree = "<group>"; };
		4A9F944D120CDC44004CBE02 /* CZGradientPickerCell.m */ = {isa = PBXFileReference; fileEncoding = 4; lastKnownFileType = sourcecode.c.objc; path = CZGradientPickerCell.m; sourceTree = "<group>"; };
		4A9F946E120DF52B004CBE02 /* libCZCore.a */ = {isa = PBXFileReference; explicitFileType = archive.ar; includeInIndex = 0; path = libCZCore.a; sourceTree = BUILT_PRODUCTS_DIR; };
		4A9F9484120DF5DA004CBE02 /* CZDebugger.h */ = {isa = PBXFileReference; fileEncoding = 4; lastKnownFileType = sourcecode.c.h; path = CZDebugger.h; sourceTree = "<group>"; };
		4A9F9485120DF5DA004CBE02 /* CZDebugger.m */ = {isa = PBXFileReference; fileEncoding = 4; lastKnownFileType = sourcecode.c.objc; path = CZDebugger.m; sourceTree = "<group>"; };
		4A9F9587120DFCBC004CBE02 /* CZDebuggerTest.h */ = {isa = PBXFileReference; fileEncoding = 4; lastKnownFileType = sourcecode.c.h; path = CZDebuggerTest.h; sourceTree = "<group>"; };
		4A9F9588120DFCBC004CBE02 /* CZDebuggerTest.m */ = {isa = PBXFileReference; fileEncoding = 4; lastKnownFileType = sourcecode.c.objc; path = CZDebuggerTest.m; sourceTree = "<group>"; };
		4A9F95B1120E36BD004CBE02 /* CZCore.h */ = {isa = PBXFileReference; fileEncoding = 4; lastKnownFileType = sourcecode.c.h; path = CZCore.h; sourceTree = "<group>"; };
		4A9F95B4120E36FB004CBE02 /* CZCategories.h */ = {isa = PBXFileReference; fileEncoding = 4; lastKnownFileType = sourcecode.c.h; path = CZCategories.h; sourceTree = "<group>"; };
		4A9F95B7120E3765004CBE02 /* CZUtilities.h */ = {isa = PBXFileReference; fileEncoding = 4; lastKnownFileType = sourcecode.c.h; path = CZUtilities.h; sourceTree = "<group>"; };
		4A9F95BA120E37B2004CBE02 /* CZUI.h */ = {isa = PBXFileReference; fileEncoding = 4; lastKnownFileType = sourcecode.c.h; path = CZUI.h; sourceTree = "<group>"; };
		4AB4476E11F91FD30063FC70 /* NSArray+CZCategories.h */ = {isa = PBXFileReference; fileEncoding = 4; lastKnownFileType = sourcecode.c.h; path = "NSArray+CZCategories.h"; sourceTree = "<group>"; };
		4AB4476F11F91FD30063FC70 /* NSArray+CZCategories.m */ = {isa = PBXFileReference; fileEncoding = 4; lastKnownFileType = sourcecode.c.objc; path = "NSArray+CZCategories.m"; sourceTree = "<group>"; };
		4AB4477011F91FD30063FC70 /* NSColor+CZCategories.h */ = {isa = PBXFileReference; fileEncoding = 4; lastKnownFileType = sourcecode.c.h; path = "NSColor+CZCategories.h"; sourceTree = "<group>"; };
		4AB4477111F91FD30063FC70 /* NSColor+CZCategories.m */ = {isa = PBXFileReference; fileEncoding = 4; lastKnownFileType = sourcecode.c.objc; path = "NSColor+CZCategories.m"; sourceTree = "<group>"; };
		4AB4477211F91FD30063FC70 /* NSData+CZCategories.h */ = {isa = PBXFileReference; fileEncoding = 4; lastKnownFileType = sourcecode.c.h; path = "NSData+CZCategories.h"; sourceTree = "<group>"; };
		4AB4477311F91FD30063FC70 /* NSData+CZCategories.m */ = {isa = PBXFileReference; fileEncoding = 4; lastKnownFileType = sourcecode.c.objc; path = "NSData+CZCategories.m"; sourceTree = "<group>"; };
		4AB4477411F91FD30063FC70 /* NSFileManager+CZCategories.h */ = {isa = PBXFileReference; fileEncoding = 4; lastKnownFileType = sourcecode.c.h; path = "NSFileManager+CZCategories.h"; sourceTree = "<group>"; };
		4AB4477511F91FD30063FC70 /* NSFileManager+CZCategories.m */ = {isa = PBXFileReference; fileEncoding = 4; lastKnownFileType = sourcecode.c.objc; path = "NSFileManager+CZCategories.m"; sourceTree = "<group>"; };
		4AB4477611F91FD30063FC70 /* NSImage+CZCategories.h */ = {isa = PBXFileReference; fileEncoding = 4; lastKnownFileType = sourcecode.c.h; path = "NSImage+CZCategories.h"; sourceTree = "<group>"; };
		4AB4477711F91FD30063FC70 /* NSImage+CZCategories.m */ = {isa = PBXFileReference; fileEncoding = 4; lastKnownFileType = sourcecode.c.objc; path = "NSImage+CZCategories.m"; sourceTree = "<group>"; };
		4AB4477811F91FD30063FC70 /* NSString+CZCategories.h */ = {isa = PBXFileReference; fileEncoding = 4; lastKnownFileType = sourcecode.c.h; path = "NSString+CZCategories.h"; sourceTree = "<group>"; };
		4AB4477911F91FD30063FC70 /* NSString+CZCategories.m */ = {isa = PBXFileReference; fileEncoding = 4; lastKnownFileType = sourcecode.c.objc; path = "NSString+CZCategories.m"; sourceTree = "<group>"; };
		4AB7EC3E130B52EA00E2125C /* CZScroller.h */ = {isa = PBXFileReference; fileEncoding = 4; lastKnownFileType = sourcecode.c.h; path = CZScroller.h; sourceTree = "<group>"; };
		4AB7EC3F130B52EA00E2125C /* CZScroller.m */ = {isa = PBXFileReference; fileEncoding = 4; lastKnownFileType = sourcecode.c.objc; path = CZScroller.m; sourceTree = "<group>"; };
		4AB7EC45130C43D500E2125C /* CZNSWindow.h */ = {isa = PBXFileReference; fileEncoding = 4; lastKnownFileType = sourcecode.c.h; path = CZNSWindow.h; sourceTree = "<group>"; };
		4AB7EC46130C43D600E2125C /* CZNSWindow.m */ = {isa = PBXFileReference; fileEncoding = 4; lastKnownFileType = sourcecode.c.objc; path = CZNSWindow.m; sourceTree = "<group>"; };
		4AB7EC4C130C452C00E2125C /* CZWindow.h */ = {isa = PBXFileReference; fileEncoding = 4; lastKnownFileType = sourcecode.c.h; path = CZWindow.h; sourceTree = "<group>"; };
		4AB7EC4D130C452F00E2125C /* CZWindow.m */ = {isa = PBXFileReference; fileEncoding = 4; lastKnownFileType = sourcecode.c.objc; path = CZWindow.m; sourceTree = "<group>"; };
		4ABCBFCD11F9130800851859 /* libCZCategories.a */ = {isa = PBXFileReference; explicitFileType = archive.ar; includeInIndex = 0; path = libCZCategories.a; sourceTree = BUILT_PRODUCTS_DIR; };
		4ADE7D1C130785F90055959E /* CZTableView.h */ = {isa = PBXFileReference; fileEncoding = 4; lastKnownFileType = sourcecode.c.h; path = CZTableView.h; sourceTree = "<group>"; };
		4ADE7D1D130785F90055959E /* CZTableView.m */ = {isa = PBXFileReference; fileEncoding = 4; lastKnownFileType = sourcecode.c.objc; path = CZTableView.m; sourceTree = "<group>"; };
		4ADE7D23130786280055959E /* CZTableViewController.h */ = {isa = PBXFileReference; fileEncoding = 4; lastKnownFileType = sourcecode.c.h; path = CZTableViewController.h; sourceTree = "<group>"; };
		4ADE7D24130786280055959E /* CZTableViewController.m */ = {isa = PBXFileReference; fileEncoding = 4; lastKnownFileType = sourcecode.c.objc; path = CZTableViewController.m; sourceTree = "<group>"; };
		4AE50C4911F923FF00E27282 /* Prefix.pch */ = {isa = PBXFileReference; fileEncoding = 4; lastKnownFileType = sourcecode.c.h; path = Prefix.pch; sourceTree = "<group>"; };
		4AE50C4B11F9249600E27282 /* AppKit.framework */ = {isa = PBXFileReference; lastKnownFileType = wrapper.framework; name = AppKit.framework; path = System/Library/Frameworks/AppKit.framework; sourceTree = SDKROOT; };
		4AE50C4F11F924D900E27282 /* CoreGraphics.framework */ = {isa = PBXFileReference; lastKnownFileType = wrapper.framework; name = CoreGraphics.framework; path = System/Library/Frameworks/CoreGraphics.framework; sourceTree = SDKROOT; };
		4AE50D0911F924FA00E27282 /* Foundation.framework */ = {isa = PBXFileReference; lastKnownFileType = wrapper.framework; name = Foundation.framework; path = System/Library/Frameworks/Foundation.framework; sourceTree = SDKROOT; };
		4AE50D9811F925BB00E27282 /* CZInsetTextField.h */ = {isa = PBXFileReference; fileEncoding = 4; lastKnownFileType = sourcecode.c.h; path = CZInsetTextField.h; sourceTree = "<group>"; };
		4AE50D9911F925BB00E27282 /* CZInsetTextField.m */ = {isa = PBXFileReference; fileEncoding = 4; lastKnownFileType = sourcecode.c.objc; path = CZInsetTextField.m; sourceTree = "<group>"; };
		4AE50DA811F9260600E27282 /* Info.plist */ = {isa = PBXFileReference; fileEncoding = 4; lastKnownFileType = text.plist.xml; path = Info.plist; sourceTree = "<group>"; };
		4AE50DC011F9266D00E27282 /* CZKit.h */ = {isa = PBXFileReference; fileEncoding = 4; lastKnownFileType = sourcecode.c.h; path = CZKit.h; sourceTree = "<group>"; };
		4AE50DC111F9266D00E27282 /* CZKit.m */ = {isa = PBXFileReference; fileEncoding = 4; lastKnownFileType = sourcecode.c.objc; path = CZKit.m; sourceTree = "<group>"; };
		4AE50DCA11F9279A00E27282 /* CZAppPrefs.h */ = {isa = PBXFileReference; fileEncoding = 4; lastKnownFileType = sourcecode.c.h; path = CZAppPrefs.h; sourceTree = "<group>"; };
		4AE50DCB11F9279A00E27282 /* CZAppPrefs.m */ = {isa = PBXFileReference; fileEncoding = 4; lastKnownFileType = sourcecode.c.objc; path = CZAppPrefs.m; sourceTree = "<group>"; };
		4AE50DCC11F9279A00E27282 /* CZColors.h */ = {isa = PBXFileReference; fileEncoding = 4; lastKnownFileType = sourcecode.c.h; path = CZColors.h; sourceTree = "<group>"; };
		4AE50DCD11F9279A00E27282 /* CZColors.m */ = {isa = PBXFileReference; fileEncoding = 4; lastKnownFileType = sourcecode.c.objc; path = CZColors.m; sourceTree = "<group>"; };
		4AE50DDB11F927A900E27282 /* libCZUtilities.a */ = {isa = PBXFileReference; explicitFileType = archive.ar; includeInIndex = 0; path = libCZUtilities.a; sourceTree = BUILT_PRODUCTS_DIR; };
		4AE50DFB11F928D500E27282 /* CZIconImageView.h */ = {isa = PBXFileReference; fileEncoding = 4; lastKnownFileType = sourcecode.c.h; path = CZIconImageView.h; sourceTree = "<group>"; };
		4AE50DFC11F928D500E27282 /* CZIconImageView.m */ = {isa = PBXFileReference; fileEncoding = 4; lastKnownFileType = sourcecode.c.objc; path = CZIconImageView.m; sourceTree = "<group>"; };
		4AE50E0911F928DD00E27282 /* libCZUI.a */ = {isa = PBXFileReference; explicitFileType = archive.ar; includeInIndex = 0; path = libCZUI.a; sourceTree = BUILT_PRODUCTS_DIR; };
		4AE50E6011F93B2C00E27282 /* CZKit Headers.bundle */ = {isa = PBXFileReference; explicitFileType = wrapper.cfbundle; includeInIndex = 0; path = "CZKit Headers.bundle"; sourceTree = BUILT_PRODUCTS_DIR; };
		4AE50EA811F941D900E27282 /* CZKitUnitTests.octest */ = {isa = PBXFileReference; explicitFileType = wrapper.cfbundle; includeInIndex = 0; path = CZKitUnitTests.octest; sourceTree = BUILT_PRODUCTS_DIR; };
		4AE50EBE11F9424A00E27282 /* CZAppPrefsTest.h */ = {isa = PBXFileReference; fileEncoding = 4; lastKnownFileType = sourcecode.c.h; path = CZAppPrefsTest.h; sourceTree = "<group>"; };
		4AE50EBF11F9424A00E27282 /* CZAppPrefsTest.m */ = {isa = PBXFileReference; fileEncoding = 4; lastKnownFileType = sourcecode.c.objc; path = CZAppPrefsTest.m; sourceTree = "<group>"; };
		4AE50EC011F9424A00E27282 /* CZCategoriesTest.h */ = {isa = PBXFileReference; fileEncoding = 4; lastKnownFileType = sourcecode.c.h; path = CZCategoriesTest.h; sourceTree = "<group>"; };
		4AE50EC111F9424A00E27282 /* CZCategoriesTest.m */ = {isa = PBXFileReference; fileEncoding = 4; lastKnownFileType = sourcecode.c.objc; path = CZCategoriesTest.m; sourceTree = "<group>"; };
		4AE50EC211F9424A00E27282 /* Info.plist */ = {isa = PBXFileReference; fileEncoding = 4; lastKnownFileType = text.plist.xml; path = Info.plist; sourceTree = "<group>"; };
		4AE50EC411F9424A00E27282 /* Hashable.txt */ = {isa = PBXFileReference; fileEncoding = 4; lastKnownFileType = text; path = Hashable.txt; sourceTree = "<group>"; };
		4AE50EC511F9424A00E27282 /* ViewConversionTestView.xib */ = {isa = PBXFileReference; lastKnownFileType = file.xib; path = ViewConversionTestView.xib; sourceTree = "<group>"; };
/* End PBXFileReference section */

/* Begin PBXFrameworksBuildPhase section */
		4A0A272B11F90F5D00223866 /* Frameworks */ = {
			isa = PBXFrameworksBuildPhase;
			buildActionMask = 2147483647;
			files = (
				4AE50C4C11F9249600E27282 /* AppKit.framework in Frameworks */,
				4A9F94CA120DFC35004CBE02 /* libCZCore.a in Frameworks */,
				4AB4476811F91AB70063FC70 /* libCZCategories.a in Frameworks */,
				4AE50DE711F927F100E27282 /* libCZUtilities.a in Frameworks */,
				4AE50E0E11F9291200E27282 /* libCZUI.a in Frameworks */,
				4A42FCFE1307A8FD000B4EDA /* QuartzCore.framework in Frameworks */,
			);
			runOnlyForDeploymentPostprocessing = 0;
		};
		4A9F9468120DF52B004CBE02 /* Frameworks */ = {
			isa = PBXFrameworksBuildPhase;
			buildActionMask = 2147483647;
			files = (
				4A9F9469120DF52B004CBE02 /* CoreGraphics.framework in Frameworks */,
				4A9F946A120DF52B004CBE02 /* Foundation.framework in Frameworks */,
			);
			runOnlyForDeploymentPostprocessing = 0;
		};
		4ABCBFCA11F9130800851859 /* Frameworks */ = {
			isa = PBXFrameworksBuildPhase;
			buildActionMask = 2147483647;
			files = (
				4AE50D8F11F9252300E27282 /* CoreGraphics.framework in Frameworks */,
				4AE50D8C11F9251000E27282 /* Foundation.framework in Frameworks */,
			);
			runOnlyForDeploymentPostprocessing = 0;
		};
		4AE50DD511F927A900E27282 /* Frameworks */ = {
			isa = PBXFrameworksBuildPhase;
			buildActionMask = 2147483647;
			files = (
				4AE50DD611F927A900E27282 /* CoreGraphics.framework in Frameworks */,
				4AE50DD711F927A900E27282 /* Foundation.framework in Frameworks */,
			);
			runOnlyForDeploymentPostprocessing = 0;
		};
		4AE50E0311F928DD00E27282 /* Frameworks */ = {
			isa = PBXFrameworksBuildPhase;
			buildActionMask = 2147483647;
			files = (
				4AE50E0411F928DD00E27282 /* CoreGraphics.framework in Frameworks */,
				4AE50E0511F928DD00E27282 /* Foundation.framework in Frameworks */,
				4A42FCFF1307A8FD000B4EDA /* QuartzCore.framework in Frameworks */,
			);
			runOnlyForDeploymentPostprocessing = 0;
		};
		4AE50EA511F941D900E27282 /* Frameworks */ = {
			isa = PBXFrameworksBuildPhase;
			buildActionMask = 2147483647;
			files = (
				4AE5102911F942FB00E27282 /* CZKit.framework in Frameworks */,
				4AE5100211F9425D00E27282 /* AppKit.framework in Frameworks */,
				4AE5100511F9426900E27282 /* Foundation.framework in Frameworks */,
			);
			runOnlyForDeploymentPostprocessing = 0;
		};
/* End PBXFrameworksBuildPhase section */

/* Begin PBXGroup section */
		4A0A271F11F90F5C00223866 = {
			isa = PBXGroup;
			children = (
				4AB4475F11F919ED0063FC70 /* Framework */,
				4AB4476A11F91F620063FC70 /* Libraries */,
				4AE50C4811F923FF00E27282 /* Shared */,
				4AE50EBD11F9424A00E27282 /* Tests */,
				4A0A273011F90F5D00223866 /* Products */,
			);
			sourceTree = "<group>";
		};
		4A0A273011F90F5D00223866 /* Products */ = {
			isa = PBXGroup;
			children = (
				4A0A272F11F90F5D00223866 /* CZKit.framework */,
				4A9F946E120DF52B004CBE02 /* libCZCore.a */,
				4ABCBFCD11F9130800851859 /* libCZCategories.a */,
				4AE50DDB11F927A900E27282 /* libCZUtilities.a */,
				4AE50E0911F928DD00E27282 /* libCZUI.a */,
				4AE50E6011F93B2C00E27282 /* CZKit Headers.bundle */,
				4AE50EA811F941D900E27282 /* CZKitUnitTests.octest */,
			);
			name = Products;
			sourceTree = "<group>";
		};
		4A9F9455120DF4F3004CBE02 /* CZCore */ = {
			isa = PBXGroup;
			children = (
				4A9F95B1120E36BD004CBE02 /* CZCore.h */,
				4A10F09913079CD600FD37B3 /* CZMacros.h */,
				4A10F09F13079F5300FD37B3 /* CZColor.h */,
				4A10F0A013079F5300FD37B3 /* CZColor.m */,
				4A9F9484120DF5DA004CBE02 /* CZDebugger.h */,
				4A9F9485120DF5DA004CBE02 /* CZDebugger.m */,
				4A90F23B12FE2AEA00DD0365 /* CZModelObject.h */,
				4A90F23C12FE2AEA00DD0365 /* CZModelObject.m */,
				4A10F0A61307A10800FD37B3 /* CZGraphics.h */,
				4A10F0A71307A10800FD37B3 /* CZGraphics.m */,
			);
			path = CZCore;
			sourceTree = "<group>";
		};
		4AB4475F11F919ED0063FC70 /* Framework */ = {
			isa = PBXGroup;
			children = (
				4AE50DC011F9266D00E27282 /* CZKit.h */,
				4AE50DC111F9266D00E27282 /* CZKit.m */,
				4AE50DA811F9260600E27282 /* Info.plist */,
			);
			path = Framework;
			sourceTree = "<group>";
		};
		4AB4476A11F91F620063FC70 /* Libraries */ = {
			isa = PBXGroup;
			children = (
				4A9F9455120DF4F3004CBE02 /* CZCore */,
				4AB4476B11F91F830063FC70 /* CZCategories */,
				4AE50DC911F9279A00E27282 /* CZUtilities */,
				4AE50DFA11F928D500E27282 /* CZUI */,
			);
			path = Libraries;
			sourceTree = "<group>";
		};
		4AB4476B11F91F830063FC70 /* CZCategories */ = {
			isa = PBXGroup;
			children = (
				4A9F95B4120E36FB004CBE02 /* CZCategories.h */,
				4AB4476E11F91FD30063FC70 /* NSArray+CZCategories.h */,
				4AB4476F11F91FD30063FC70 /* NSArray+CZCategories.m */,
				4AB4477011F91FD30063FC70 /* NSColor+CZCategories.h */,
				4AB4477111F91FD30063FC70 /* NSColor+CZCategories.m */,
				4AB4477211F91FD30063FC70 /* NSData+CZCategories.h */,
				4AB4477311F91FD30063FC70 /* NSData+CZCategories.m */,
				4AB4477411F91FD30063FC70 /* NSFileManager+CZCategories.h */,
				4AB4477511F91FD30063FC70 /* NSFileManager+CZCategories.m */,
				4AB4477611F91FD30063FC70 /* NSImage+CZCategories.h */,
				4AB4477711F91FD30063FC70 /* NSImage+CZCategories.m */,
				4A7A5B4912CC3ACF00603CDD /* NSObject+CZCategories.h */,
				4A7A5B4A12CC3ACF00603CDD /* NSObject+CZCategories.m */,
				4AB4477811F91FD30063FC70 /* NSString+CZCategories.h */,
				4AB4477911F91FD30063FC70 /* NSString+CZCategories.m */,
			);
			path = CZCategories;
			sourceTree = "<group>";
		};
		4AE50C4811F923FF00E27282 /* Shared */ = {
			isa = PBXGroup;
			children = (
				4AE50C4911F923FF00E27282 /* Prefix.pch */,
				4AE50C4A11F9248500E27282 /* Frameworks */,
			);
			path = Shared;
			sourceTree = "<group>";
		};
		4AE50C4A11F9248500E27282 /* Frameworks */ = {
			isa = PBXGroup;
			children = (
				4AE50C4B11F9249600E27282 /* AppKit.framework */,
				4AE50C4F11F924D900E27282 /* CoreGraphics.framework */,
				4A42FCFD1307A8FD000B4EDA /* QuartzCore.framework */,
				4AE50D0911F924FA00E27282 /* Foundation.framework */,
			);
			name = Frameworks;
			sourceTree = "<group>";
		};
		4AE50DC911F9279A00E27282 /* CZUtilities */ = {
			isa = PBXGroup;
			children = (
				4A9F95B7120E3765004CBE02 /* CZUtilities.h */,
				4AE50DCA11F9279A00E27282 /* CZAppPrefs.h */,
				4AE50DCB11F9279A00E27282 /* CZAppPrefs.m */,
				4AE50DCC11F9279A00E27282 /* CZColors.h */,
				4AE50DCD11F9279A00E27282 /* CZColors.m */,
			);
			path = CZUtilities;
			sourceTree = "<group>";
		};
		4AE50DFA11F928D500E27282 /* CZUI */ = {
			isa = PBXGroup;
			children = (
				4A9F95BA120E37B2004CBE02 /* CZUI.h */,
				4A42FCF31307A76E000B4EDA /* CZText.h */,
				4A5D82731311E2A30017A337 /* CZApplication.h */,
				4A5D82741311E2A40017A337 /* CZApplication.m */,
				4AB7EC45130C43D500E2125C /* CZNSWindow.h */,
				4AB7EC46130C43D600E2125C /* CZNSWindow.m */,
				4AB7EC4C130C452C00E2125C /* CZWindow.h */,
				4AB7EC4D130C452F00E2125C /* CZWindow.m */,
				4A7A5B9E12D05A0300603CDD /* CZActionRecognizer.h */,
				4A7A5B9F12D05A0300603CDD /* CZActionRecognizer.m */,
				4A7A5C5112D06B0B00603CDD /* CZActionRecognizerSubclass.h */,
				4A7A5C6812D06D1200603CDD /* CZClickActionRecognizer.h */,
				4A7A5C6912D06D1200603CDD /* CZClickActionRecognizer.m */,
				4A7A5B9412D059BA00603CDD /* CZControl.h */,
				4A7A5B9512D059BA00603CDD /* CZControl.m */,
				4A7A5BDA12D05C8300603CDD /* CZView.h */,
				4A7A5BDB12D05C8300603CDD /* CZView.m */,
				4A6C81DD130B4B7F00E65224 /* CZView-Private.h */,
				4A6C81D6130B0AD400E65224 /* CZViewController.h */,
				4A6C81D7130B0AD600E65224 /* CZViewController.m */,
				4A42FD021307AAD2000B4EDA /* CZScrollView.h */,
				4A42FD031307AAD3000B4EDA /* CZScrollView.m */,
				4AB7EC3E130B52EA00E2125C /* CZScroller.h */,
				4AB7EC3F130B52EA00E2125C /* CZScroller.m */,
				4AE50DFB11F928D500E27282 /* CZIconImageView.h */,
				4AE50DFC11F928D500E27282 /* CZIconImageView.m */,
				4AE50D9811F925BB00E27282 /* CZInsetTextField.h */,
				4AE50D9911F925BB00E27282 /* CZInsetTextField.m */,
				4A9F9445120CDC3A004CBE02 /* CZGradientPicker.h */,
				4A9F9446120CDC3A004CBE02 /* CZGradientPicker.m */,
				4A9F944C120CDC44004CBE02 /* CZGradientPickerCell.h */,
				4A9F944D120CDC44004CBE02 /* CZGradientPickerCell.m */,
				4A42FCF61307A808000B4EDA /* CZLabel.h */,
				4A42FCF71307A808000B4EDA /* CZLabel.m */,
				4ADE7D1C130785F90055959E /* CZTableView.h */,
				4ADE7D1D130785F90055959E /* CZTableView.m */,
				4A10F09213078FFF00FD37B3 /* CZTableViewCell.h */,
				4A10F09313078FFF00FD37B3 /* CZTableViewCell.m */,
				4ADE7D23130786280055959E /* CZTableViewController.h */,
				4ADE7D24130786280055959E /* CZTableViewController.m */,
			);
			path = CZUI;
			sourceTree = "<group>";
		};
		4AE50EBD11F9424A00E27282 /* Tests */ = {
			isa = PBXGroup;
			children = (
				4AE50EBE11F9424A00E27282 /* CZAppPrefsTest.h */,
				4AE50EBF11F9424A00E27282 /* CZAppPrefsTest.m */,
				4AE50EC011F9424A00E27282 /* CZCategoriesTest.h */,
				4AE50EC111F9424A00E27282 /* CZCategoriesTest.m */,
				4A9F9587120DFCBC004CBE02 /* CZDebuggerTest.h */,
				4A9F9588120DFCBC004CBE02 /* CZDebuggerTest.m */,
				4A09AD8813039839002AB524 /* CZModelObjectTest.h */,
				4A09AD8913039839002AB524 /* CZModelObjectTest.m */,
				4A7A5BF612D0626500603CDD /* CZViewTests.h */,
				4A7A5BF712D0626500603CDD /* CZViewTests.m */,
				4AE50EC211F9424A00E27282 /* Info.plist */,
				4AE50EC311F9424A00E27282 /* Resources */,
			);
			path = Tests;
			sourceTree = "<group>";
		};
		4AE50EC311F9424A00E27282 /* Resources */ = {
			isa = PBXGroup;
			children = (
				4AE50EC411F9424A00E27282 /* Hashable.txt */,
				4AE50EC511F9424A00E27282 /* ViewConversionTestView.xib */,
			);
			path = Resources;
			sourceTree = "<group>";
		};
/* End PBXGroup section */

/* Begin PBXHeadersBuildPhase section */
		4A0A272C11F90F5D00223866 /* Headers */ = {
			isa = PBXHeadersBuildPhase;
			buildActionMask = 2147483647;
			files = (
				4AE50E0B11F9290800E27282 /* CZIconImageView.h in Headers */,
				4AE50DE111F927E500E27282 /* CZAppPrefs.h in Headers */,
				4AE50DE211F927E500E27282 /* CZColors.h in Headers */,
				4AE50DAC11F9263800E27282 /* NSArray+CZCategories.h in Headers */,
				4AE50DAE11F9263800E27282 /* NSColor+CZCategories.h in Headers */,
				4AE50DB011F9263800E27282 /* NSData+CZCategories.h in Headers */,
				4AE50DB211F9263800E27282 /* NSFileManager+CZCategories.h in Headers */,
				4A9F958C120DFD8C004CBE02 /* CZDebugger.h in Headers */,
				4A9F95B3120E36BD004CBE02 /* CZCore.h in Headers */,
				4A9F95B6120E36FB004CBE02 /* CZCategories.h in Headers */,
				4A9F95B9120E3765004CBE02 /* CZUtilities.h in Headers */,
				4A9F95BC120E37B2004CBE02 /* CZUI.h in Headers */,
				4A7A5C6D12D06D2100603CDD /* CZActionRecognizer.h in Headers */,
				4A7A5C6E12D06D2100603CDD /* CZActionRecognizerSubclass.h in Headers */,
				4A7A5C6F12D06D2100603CDD /* CZClickActionRecognizer.h in Headers */,
				4A7A5C7012D06D2100603CDD /* CZControl.h in Headers */,
				4A7A5C7112D06D2100603CDD /* CZView.h in Headers */,
				4AE50DB411F9263800E27282 /* NSImage+CZCategories.h in Headers */,
				4AE50DB611F9263800E27282 /* NSString+CZCategories.h in Headers */,
				4AE50DC211F9266D00E27282 /* CZKit.h in Headers */,
				4A90F23D12FE2AEA00DD0365 /* CZModelObject.h in Headers */,
				4ADE7D1E130785F90055959E /* CZTableView.h in Headers */,
				4ADE7D26130786280055959E /* CZTableViewController.h in Headers */,
				4A10F09413078FFF00FD37B3 /* CZTableViewCell.h in Headers */,
				4A10F0A113079F5300FD37B3 /* CZColor.h in Headers */,
				4A10F0A81307A10800FD37B3 /* CZGraphics.h in Headers */,
				4A42FD041307AAD5000B4EDA /* CZScrollView.h in Headers */,
				4A42FCF81307A809000B4EDA /* CZLabel.h in Headers */,
				4A10F09B13079CD600FD37B3 /* CZMacros.h in Headers */,
				4A42FD001307A99E000B4EDA /* CZText.h in Headers */,
				4A6C81D8130B0ADB00E65224 /* CZViewController.h in Headers */,
				4AB7EC47130C43DA00E2125C /* CZNSWindow.h in Headers */,
				4AB7EC4E130C453300E2125C /* CZWindow.h in Headers */,
				4A6C81DE130B4B8300E65224 /* CZView-Private.h in Headers */,
				4AB7EC40130B52EA00E2125C /* CZScroller.h in Headers */,
				4A5D82771311E48E0017A337 /* CZApplication.h in Headers */,
			);
			runOnlyForDeploymentPostprocessing = 0;
		};
/* End PBXHeadersBuildPhase section */

/* Begin PBXNativeTarget section */
		4A0A272E11F90F5D00223866 /* CZKit */ = {
			isa = PBXNativeTarget;
			buildConfigurationList = 4A0A273A11F90F5D00223866 /* Build configuration list for PBXNativeTarget "CZKit" */;
			buildPhases = (
				4A0A272A11F90F5D00223866 /* Sources */,
				4A0A272B11F90F5D00223866 /* Frameworks */,
				4A0A272C11F90F5D00223866 /* Headers */,
				4A0A272D11F90F5D00223866 /* Resources */,
			);
			buildRules = (
			);
			dependencies = (
				4A9F9474120DF538004CBE02 /* PBXTargetDependency */,
				4AB4478711F9201A0063FC70 /* PBXTargetDependency */,
				4AE50DE611F927ED00E27282 /* PBXTargetDependency */,
				4AE50E0D11F9290F00E27282 /* PBXTargetDependency */,
			);
			name = CZKit;
			productName = CZKit;
			productReference = 4A0A272F11F90F5D00223866 /* CZKit.framework */;
			productType = "com.apple.product-type.framework";
		};
		4A9F9461120DF52B004CBE02 /* CZCore */ = {
			isa = PBXNativeTarget;
			buildConfigurationList = 4A9F946B120DF52B004CBE02 /* Build configuration list for PBXNativeTarget "CZCore" */;
			buildPhases = (
				4A9F9464120DF52B004CBE02 /* Sources */,
				4A9F9468120DF52B004CBE02 /* Frameworks */,
			);
			buildRules = (
			);
			dependencies = (
				4A9F9462120DF52B004CBE02 /* PBXTargetDependency */,
			);
			name = CZCore;
			productName = CZCategories;
			productReference = 4A9F946E120DF52B004CBE02 /* libCZCore.a */;
			productType = "com.apple.product-type.library.static";
		};
		4ABCBFCC11F9130800851859 /* CZCategories */ = {
			isa = PBXNativeTarget;
			buildConfigurationList = 4ABCBFD311F9130800851859 /* Build configuration list for PBXNativeTarget "CZCategories" */;
			buildPhases = (
				4ABCBFC911F9130800851859 /* Sources */,
				4ABCBFCA11F9130800851859 /* Frameworks */,
			);
			buildRules = (
			);
			dependencies = (
				4AE50E7211F93B8600E27282 /* PBXTargetDependency */,
			);
			name = CZCategories;
			productName = CZCategories;
			productReference = 4ABCBFCD11F9130800851859 /* libCZCategories.a */;
			productType = "com.apple.product-type.library.static";
		};
		4AE50DD211F927A900E27282 /* CZUtilities */ = {
			isa = PBXNativeTarget;
			buildConfigurationList = 4AE50DD811F927A900E27282 /* Build configuration list for PBXNativeTarget "CZUtilities" */;
			buildPhases = (
				4AE50DD311F927A900E27282 /* Sources */,
				4AE50DD511F927A900E27282 /* Frameworks */,
			);
			buildRules = (
			);
			dependencies = (
				4AE50E6E11F93B8300E27282 /* PBXTargetDependency */,
			);
			name = CZUtilities;
			productName = CZCategories;
			productReference = 4AE50DDB11F927A900E27282 /* libCZUtilities.a */;
			productType = "com.apple.product-type.library.static";
		};
		4AE50DFD11F928DD00E27282 /* CZUI */ = {
			isa = PBXNativeTarget;
			buildConfigurationList = 4AE50E0611F928DD00E27282 /* Build configuration list for PBXNativeTarget "CZUI" */;
			buildPhases = (
				4AE50DFE11F928DD00E27282 /* Sources */,
				4AE50E0311F928DD00E27282 /* Frameworks */,
			);
			buildRules = (
			);
			dependencies = (
				4AE50E6C11F93B8100E27282 /* PBXTargetDependency */,
			);
			name = CZUI;
			productName = CZCategories;
			productReference = 4AE50E0911F928DD00E27282 /* libCZUI.a */;
			productType = "com.apple.product-type.library.static";
		};
		4AE50E5F11F93B2C00E27282 /* CZKit Headers */ = {
			isa = PBXNativeTarget;
			buildConfigurationList = 4AE50E6411F93B2D00E27282 /* Build configuration list for PBXNativeTarget "CZKit Headers" */;
			buildPhases = (
				4AE50E9211F93BF100E27282 /* CopyFiles */,
			);
			buildRules = (
			);
			dependencies = (
			);
			name = "CZKit Headers";
			productName = "CZKit Headers";
			productReference = 4AE50E6011F93B2C00E27282 /* CZKit Headers.bundle */;
			productType = "com.apple.product-type.bundle";
		};
		4AE50EA711F941D900E27282 /* CZKit Unit Tests */ = {
			isa = PBXNativeTarget;
			buildConfigurationList = 4AE50EAC11F941DA00E27282 /* Build configuration list for PBXNativeTarget "CZKit Unit Tests" */;
			buildPhases = (
				4AE50EA311F941D900E27282 /* Resources */,
				4AE50EA411F941D900E27282 /* Sources */,
				4AE50EA511F941D900E27282 /* Frameworks */,
				4AE5103911F9435600E27282 /* Copy Frameworks */,
				4AE50EA611F941D900E27282 /* ShellScript */,
			);
			buildRules = (
			);
			dependencies = (
				4AE5103511F9433300E27282 /* PBXTargetDependency */,
			);
			name = "CZKit Unit Tests";
			productName = "CZKit Unit Tests";
			productReference = 4AE50EA811F941D900E27282 /* CZKitUnitTests.octest */;
			productType = "com.apple.product-type.bundle";
		};
/* End PBXNativeTarget section */

/* Begin PBXProject section */
		4A0A272111F90F5C00223866 /* Project object */ = {
			isa = PBXProject;
			attributes = {
				ORGANIZATIONNAME = "Opt-6 Products, LLC";
			};
			buildConfigurationList = 4A0A272411F90F5C00223866 /* Build configuration list for PBXProject "CZKit" */;
			compatibilityVersion = "Xcode 3.2";
			developmentRegion = English;
			hasScannedForEncodings = 0;
			knownRegions = (
				en,
			);
			mainGroup = 4A0A271F11F90F5C00223866;
			productRefGroup = 4A0A273011F90F5D00223866 /* Products */;
			projectDirPath = "";
			projectRoot = "";
			targets = (
				4AE511FE11FA4DDA00E27282 /* Build All */,
				4A0A272E11F90F5D00223866 /* CZKit */,
				4A9F9461120DF52B004CBE02 /* CZCore */,
				4ABCBFCC11F9130800851859 /* CZCategories */,
				4AE50DD211F927A900E27282 /* CZUtilities */,
				4AE50DFD11F928DD00E27282 /* CZUI */,
				4AE50E1E11F92A0800E27282 /* CZKit Documentation */,
				4AE50E5F11F93B2C00E27282 /* CZKit Headers */,
				4AE50EA711F941D900E27282 /* CZKit Unit Tests */,
			);
		};
/* End PBXProject section */

/* Begin PBXResourcesBuildPhase section */
		4A0A272D11F90F5D00223866 /* Resources */ = {
			isa = PBXResourcesBuildPhase;
			buildActionMask = 2147483647;
			files = (
			);
			runOnlyForDeploymentPostprocessing = 0;
		};
		4AE50EA311F941D900E27282 /* Resources */ = {
			isa = PBXResourcesBuildPhase;
			buildActionMask = 2147483647;
			files = (
				4AE50EC911F9424A00E27282 /* Hashable.txt in Resources */,
				4AE50ECA11F9424A00E27282 /* ViewConversionTestView.xib in Resources */,
			);
			runOnlyForDeploymentPostprocessing = 0;
		};
/* End PBXResourcesBuildPhase section */

/* Begin PBXShellScriptBuildPhase section */
		4AE50E1D11F92A0800E27282 /* ShellScript */ = {
			isa = PBXShellScriptBuildPhase;
			buildActionMask = 2147483647;
			files = (
			);
			inputPaths = (
			);
			outputPaths = (
			);
			runOnlyForDeploymentPostprocessing = 0;
			shellPath = /bin/bash;
			shellScript = "DOXYGEN_PATH=$(which doxygen)\nDocumentation/appledoc -p \"$PROJECT_NAME\" -i ./ -o Documentation -c Documentation/Doxyfile --docset -d /usr/local/bin/doxygen -t Documentation/Templates --docid com.cz.documentation.CZKit --docplist Documentation/DocSet-Info.plist --clean-temp-files\nrm -rf Products/$BUILD_STYLE$EFFECTIVE_PLATFORM_NAME/CZKit.docset\nmkdir -p Products/$BUILD_STYLE$EFFECTIVE_PLATFORM_NAME/CZKit.docset\nmv Documentation/docset Products/$BUILD_STYLE$EFFECTIVE_PLATFORM_NAME/CZKit.docset\nexit 0;";
		};
		4AE50EA611F941D900E27282 /* ShellScript */ = {
			isa = PBXShellScriptBuildPhase;
			buildActionMask = 2147483647;
			files = (
			);
			inputPaths = (
			);
			outputPaths = (
			);
			runOnlyForDeploymentPostprocessing = 0;
			shellPath = /bin/sh;
			shellScript = "# Run the unit tests in this test bundle.\n\"${SYSTEM_DEVELOPER_DIR}/Tools/RunUnitTests\"\n";
		};
/* End PBXShellScriptBuildPhase section */

/* Begin PBXSourcesBuildPhase section */
		4A0A272A11F90F5D00223866 /* Sources */ = {
			isa = PBXSourcesBuildPhase;
			buildActionMask = 2147483647;
			files = (
				4AE50DC311F9266D00E27282 /* CZKit.m in Sources */,
			);
			runOnlyForDeploymentPostprocessing = 0;
		};
		4A9F9464120DF52B004CBE02 /* Sources */ = {
			isa = PBXSourcesBuildPhase;
			buildActionMask = 2147483647;
			files = (
				4A9F9488120DF5DA004CBE02 /* CZDebugger.m in Sources */,
				4A90F24012FE2AEA00DD0365 /* CZModelObject.m in Sources */,
				4A10F0AB1307A10800FD37B3 /* CZGraphics.m in Sources */,
			);
			runOnlyForDeploymentPostprocessing = 0;
		};
		4ABCBFC911F9130800851859 /* Sources */ = {
			isa = PBXSourcesBuildPhase;
			buildActionMask = 2147483647;
			files = (
				4AB4477B11F91FD30063FC70 /* NSArray+CZCategories.m in Sources */,
				4AB4477D11F91FD30063FC70 /* NSColor+CZCategories.m in Sources */,
				4AB4477F11F91FD30063FC70 /* NSData+CZCategories.m in Sources */,
				4AB4478111F91FD30063FC70 /* NSFileManager+CZCategories.m in Sources */,
				4AB4478311F91FD30063FC70 /* NSImage+CZCategories.m in Sources */,
				4AB4478511F91FD30063FC70 /* NSString+CZCategories.m in Sources */,
				4A7A5B4D12CC3ACF00603CDD /* NSObject+CZCategories.m in Sources */,
			);
			runOnlyForDeploymentPostprocessing = 0;
		};
		4AE50DD311F927A900E27282 /* Sources */ = {
			isa = PBXSourcesBuildPhase;
			buildActionMask = 2147483647;
			files = (
				4AE50DDD11F927DA00E27282 /* CZAppPrefs.m in Sources */,
				4AE50DDE11F927DA00E27282 /* CZColors.m in Sources */,
			);
			runOnlyForDeploymentPostprocessing = 0;
		};
		4AE50DFE11F928DD00E27282 /* Sources */ = {
			isa = PBXSourcesBuildPhase;
			buildActionMask = 2147483647;
			files = (
				4AE50E0A11F928FE00E27282 /* CZIconImageView.m in Sources */,
				4A7A5B9812D059BA00603CDD /* CZControl.m in Sources */,
				4A7A5BA012D05A0300603CDD /* CZActionRecognizer.m in Sources */,
				4A7A5BDC12D05C8300603CDD /* CZView.m in Sources */,
				4A7A5C6A12D06D1200603CDD /* CZClickActionRecognizer.m in Sources */,
				4ADE7D21130785F90055959E /* CZTableView.m in Sources */,
				4ADE7D29130786280055959E /* CZTableViewController.m in Sources */,
				4A10F09713078FFF00FD37B3 /* CZTableViewCell.m in Sources */,
				4A42FCFB1307A809000B4EDA /* CZLabel.m in Sources */,
				4A42FD071307AAD5000B4EDA /* CZScrollView.m in Sources */,
				4A6C81DB130B0ADB00E65224 /* CZViewController.m in Sources */,
				4AB7EC43130B52EA00E2125C /* CZScroller.m in Sources */,
				4AB7EC4A130C43DA00E2125C /* CZNSWindow.m in Sources */,
				4AB7EC51130C453300E2125C /* CZWindow.m in Sources */,
				4A6E4E041313658500BC3997 /* CZColor.m in Sources */,
			);
			runOnlyForDeploymentPostprocessing = 0;
		};
		4AE50EA411F941D900E27282 /* Sources */ = {
			isa = PBXSourcesBuildPhase;
			buildActionMask = 2147483647;
			files = (
				4AE50EC611F9424A00E27282 /* CZAppPrefsTest.m in Sources */,
				4AE50EC711F9424A00E27282 /* CZCategoriesTest.m in Sources */,
				4A9F9589120DFCBC004CBE02 /* CZDebuggerTest.m in Sources */,
				4A7A5BF812D0626500603CDD /* CZViewTests.m in Sources */,
				4A09AD8A13039839002AB524 /* CZModelObjectTest.m in Sources */,
			);
			runOnlyForDeploymentPostprocessing = 0;
		};
/* End PBXSourcesBuildPhase section */

/* Begin PBXTargetDependency section */
		4A9F9462120DF52B004CBE02 /* PBXTargetDependency */ = {
			isa = PBXTargetDependency;
			target = 4AE50E5F11F93B2C00E27282 /* CZKit Headers */;
			targetProxy = 4A9F9463120DF52B004CBE02 /* PBXContainerItemProxy */;
		};
		4A9F9474120DF538004CBE02 /* PBXTargetDependency */ = {
			isa = PBXTargetDependency;
			target = 4A9F9461120DF52B004CBE02 /* CZCore */;
			targetProxy = 4A9F9473120DF538004CBE02 /* PBXContainerItemProxy */;
		};
		4AB4478711F9201A0063FC70 /* PBXTargetDependency */ = {
			isa = PBXTargetDependency;
			target = 4ABCBFCC11F9130800851859 /* CZCategories */;
			targetProxy = 4AB4478611F9201A0063FC70 /* PBXContainerItemProxy */;
		};
		4AE50DE611F927ED00E27282 /* PBXTargetDependency */ = {
			isa = PBXTargetDependency;
			target = 4AE50DD211F927A900E27282 /* CZUtilities */;
			targetProxy = 4AE50DE511F927ED00E27282 /* PBXContainerItemProxy */;
		};
		4AE50E0D11F9290F00E27282 /* PBXTargetDependency */ = {
			isa = PBXTargetDependency;
			target = 4AE50DFD11F928DD00E27282 /* CZUI */;
			targetProxy = 4AE50E0C11F9290F00E27282 /* PBXContainerItemProxy */;
		};
		4AE50E6C11F93B8100E27282 /* PBXTargetDependency */ = {
			isa = PBXTargetDependency;
			target = 4AE50E5F11F93B2C00E27282 /* CZKit Headers */;
			targetProxy = 4AE50E6B11F93B8100E27282 /* PBXContainerItemProxy */;
		};
		4AE50E6E11F93B8300E27282 /* PBXTargetDependency */ = {
			isa = PBXTargetDependency;
			target = 4AE50E5F11F93B2C00E27282 /* CZKit Headers */;
			targetProxy = 4AE50E6D11F93B8300E27282 /* PBXContainerItemProxy */;
		};
		4AE50E7211F93B8600E27282 /* PBXTargetDependency */ = {
			isa = PBXTargetDependency;
			target = 4AE50E5F11F93B2C00E27282 /* CZKit Headers */;
			targetProxy = 4AE50E7111F93B8600E27282 /* PBXContainerItemProxy */;
		};
		4AE5103511F9433300E27282 /* PBXTargetDependency */ = {
			isa = PBXTargetDependency;
			target = 4A0A272E11F90F5D00223866 /* CZKit */;
			targetProxy = 4AE5103411F9433300E27282 /* PBXContainerItemProxy */;
		};
		4AE5120411FA4DF600E27282 /* PBXTargetDependency */ = {
			isa = PBXTargetDependency;
			target = 4AE50EA711F941D900E27282 /* CZKit Unit Tests */;
			targetProxy = 4AE5120311FA4DF600E27282 /* PBXContainerItemProxy */;
		};
		4AE5120811FA4DF600E27282 /* PBXTargetDependency */ = {
			isa = PBXTargetDependency;
			target = 4AE50E1E11F92A0800E27282 /* CZKit Documentation */;
			targetProxy = 4AE5120711FA4DF600E27282 /* PBXContainerItemProxy */;
		};
/* End PBXTargetDependency section */

/* Begin XCBuildConfiguration section */
		4A0A273811F90F5D00223866 /* Debug */ = {
			isa = XCBuildConfiguration;
			buildSettings = {
				ARCHS = "$(ARCHS_STANDARD_32_64_BIT)";
				GCC_C_LANGUAGE_STANDARD = c99;
				GCC_OPTIMIZATION_LEVEL = 1;
				GCC_PREPROCESSOR_DEFINITIONS = DEBUG;
				GCC_VERSION = com.apple.compilers.llvm.clang.1_0;
				GCC_WARN_64_TO_32_BIT_CONVERSION = YES;
				GCC_WARN_FOUR_CHARACTER_CONSTANTS = YES;
				GCC_WARN_STRICT_SELECTOR_MATCH = YES;
				GCC_WARN_UNDECLARED_SELECTOR = YES;
				PREBINDING = NO;
				RUN_CLANG_STATIC_ANALYZER = YES;
				SDKROOT = macosx10.6;
				SUPPORTED_PLATFORMS = "macosx iphoneos";
				SYMROOT = Products;
				VALID_ARCHS = "x86_64 armv6 armv7";
				WARNING_CFLAGS = "";
			};
			name = Debug;
		};
		4A0A273911F90F5D00223866 /* Release */ = {
			isa = XCBuildConfiguration;
			buildSettings = {
				ARCHS = "$(ARCHS_STANDARD_32_64_BIT)";
				GCC_C_LANGUAGE_STANDARD = c99;
				GCC_VERSION = com.apple.compilers.llvm.clang.1_0;
				GCC_WARN_64_TO_32_BIT_CONVERSION = YES;
				GCC_WARN_FOUR_CHARACTER_CONSTANTS = YES;
				GCC_WARN_STRICT_SELECTOR_MATCH = YES;
				GCC_WARN_UNDECLARED_SELECTOR = YES;
				PREBINDING = NO;
				RUN_CLANG_STATIC_ANALYZER = YES;
				SDKROOT = macosx10.6;
				SUPPORTED_PLATFORMS = "macosx iphoneos";
				SYMROOT = Products;
				VALID_ARCHS = "x86_64 armv6 armv7";
				WARNING_CFLAGS = "";
			};
			name = Release;
		};
		4A0A273B11F90F5D00223866 /* Debug */ = {
			isa = XCBuildConfiguration;
			buildSettings = {
				COPY_PHASE_STRIP = NO;
				DYLIB_COMPATIBILITY_VERSION = 1;
				DYLIB_CURRENT_VERSION = 1;
				FRAMEWORK_VERSION = A;
				GCC_DYNAMIC_NO_PIC = NO;
				GCC_ENABLE_OBJC_EXCEPTIONS = YES;
				GCC_MODEL_TUNING = G5;
				GCC_PRECOMPILE_PREFIX_HEADER = YES;
				GCC_PREFIX_HEADER = Shared/Prefix.pch;
				INFOPLIST_FILE = Framework/Info.plist;
				INSTALL_PATH = "@loader_path/../Frameworks";
				OTHER_LDFLAGS = (
					"-ObjC",
					"-all_load",
				);
				PRODUCT_NAME = CZKit;
				WRAPPER_EXTENSION = framework;
			};
			name = Debug;
		};
		4A0A273C11F90F5D00223866 /* Release */ = {
			isa = XCBuildConfiguration;
			buildSettings = {
				COPY_PHASE_STRIP = YES;
				DYLIB_COMPATIBILITY_VERSION = 1;
				DYLIB_CURRENT_VERSION = 1;
				FRAMEWORK_VERSION = A;
				GCC_ENABLE_OBJC_EXCEPTIONS = YES;
				GCC_MODEL_TUNING = G5;
				GCC_PRECOMPILE_PREFIX_HEADER = YES;
				GCC_PREFIX_HEADER = Shared/Prefix.pch;
				INFOPLIST_FILE = Framework/Info.plist;
				INSTALL_PATH = "@loader_path/../Frameworks";
				OTHER_LDFLAGS = (
					"-ObjC",
					"-all_load",
				);
				PRODUCT_NAME = CZKit;
				WRAPPER_EXTENSION = framework;
			};
			name = Release;
		};
		4A9F946C120DF52B004CBE02 /* Debug */ = {
			isa = XCBuildConfiguration;
			buildSettings = {
				ALWAYS_SEARCH_USER_PATHS = NO;
				DSTROOT = "/tmp/$(PRODUCT_NAME).dst";
				GCC_PRECOMPILE_PREFIX_HEADER = YES;
				GCC_PREFIX_HEADER = Shared/Prefix.pch;
				INSTALL_PATH = /usr/local/lib;
				OTHER_LDFLAGS = "-ObjC";
				PRODUCT_NAME = CZCore;
			};
			name = Debug;
		};
		4A9F946D120DF52B004CBE02 /* Release */ = {
			isa = XCBuildConfiguration;
			buildSettings = {
				ALWAYS_SEARCH_USER_PATHS = NO;
				DSTROOT = "/tmp/$(PRODUCT_NAME).dst";
				GCC_PRECOMPILE_PREFIX_HEADER = YES;
				GCC_PREFIX_HEADER = Shared/Prefix.pch;
				INSTALL_PATH = /usr/local/lib;
				OTHER_LDFLAGS = "-ObjC";
				PRODUCT_NAME = CZCore;
			};
			name = Release;
		};
		4ABCBFD111F9130800851859 /* Debug */ = {
			isa = XCBuildConfiguration;
			buildSettings = {
				ALWAYS_SEARCH_USER_PATHS = NO;
				DSTROOT = /tmp/CZCategories.dst;
				GCC_PRECOMPILE_PREFIX_HEADER = YES;
				GCC_PREFIX_HEADER = Shared/Prefix.pch;
				INSTALL_PATH = /usr/local/lib;
				OTHER_LDFLAGS = "-ObjC";
				PRODUCT_NAME = CZCategories;
			};
			name = Debug;
		};
		4ABCBFD211F9130800851859 /* Release */ = {
			isa = XCBuildConfiguration;
			buildSettings = {
				ALWAYS_SEARCH_USER_PATHS = NO;
				DSTROOT = /tmp/CZCategories.dst;
				GCC_PRECOMPILE_PREFIX_HEADER = YES;
				GCC_PREFIX_HEADER = Shared/Prefix.pch;
				INSTALL_PATH = /usr/local/lib;
				OTHER_LDFLAGS = "-ObjC";
				PRODUCT_NAME = CZCategories;
			};
			name = Release;
		};
		4AE50DD911F927A900E27282 /* Debug */ = {
			isa = XCBuildConfiguration;
			buildSettings = {
				ALWAYS_SEARCH_USER_PATHS = NO;
				DSTROOT = "/tmp/$(PRODUCT_NAME).dst";
				GCC_PRECOMPILE_PREFIX_HEADER = YES;
				GCC_PREFIX_HEADER = Shared/Prefix.pch;
				INSTALL_PATH = /usr/local/lib;
				OTHER_LDFLAGS = "-ObjC";
				PRODUCT_NAME = CZUtilities;
			};
			name = Debug;
		};
		4AE50DDA11F927A900E27282 /* Release */ = {
			isa = XCBuildConfiguration;
			buildSettings = {
				ALWAYS_SEARCH_USER_PATHS = NO;
				DSTROOT = "/tmp/$(PRODUCT_NAME).dst";
				GCC_PRECOMPILE_PREFIX_HEADER = YES;
				GCC_PREFIX_HEADER = Shared/Prefix.pch;
				INSTALL_PATH = /usr/local/lib;
				OTHER_LDFLAGS = "-ObjC";
				PRODUCT_NAME = CZUtilities;
			};
			name = Release;
		};
		4AE50E0711F928DD00E27282 /* Debug */ = {
			isa = XCBuildConfiguration;
			buildSettings = {
				ALWAYS_SEARCH_USER_PATHS = NO;
				DSTROOT = "/tmp/$(PRODUCT_NAME).dst";
				GCC_PRECOMPILE_PREFIX_HEADER = YES;
				GCC_PREFIX_HEADER = Shared/Prefix.pch;
				INSTALL_PATH = /usr/local/lib;
				OTHER_LDFLAGS = "-ObjC";
				PRODUCT_NAME = CZUI;
			};
			name = Debug;
		};
		4AE50E0811F928DD00E27282 /* Release */ = {
			isa = XCBuildConfiguration;
			buildSettings = {
				ALWAYS_SEARCH_USER_PATHS = NO;
				DSTROOT = "/tmp/$(PRODUCT_NAME).dst";
				GCC_PRECOMPILE_PREFIX_HEADER = YES;
				GCC_PREFIX_HEADER = Shared/Prefix.pch;
				INSTALL_PATH = /usr/local/lib;
				OTHER_LDFLAGS = "-ObjC";
				PRODUCT_NAME = CZUI;
			};
			name = Release;
		};
		4AE50E1F11F92A0800E27282 /* Debug */ = {
			isa = XCBuildConfiguration;
			buildSettings = {
				PRODUCT_NAME = "CZKit Documentation";
			};
			name = Debug;
		};
		4AE50E2011F92A0800E27282 /* Release */ = {
			isa = XCBuildConfiguration;
			buildSettings = {
				PRODUCT_NAME = "CZKit Documentation";
			};
			name = Release;
		};
		4AE50E6211F93B2D00E27282 /* Debug */ = {
			isa = XCBuildConfiguration;
			buildSettings = {
				PRODUCT_NAME = "CZKit Headers";
				WRAPPER_EXTENSION = bundle;
			};
			name = Debug;
		};
		4AE50E6311F93B2D00E27282 /* Release */ = {
			isa = XCBuildConfiguration;
			buildSettings = {
				DEBUG_INFORMATION_FORMAT = "dwarf-with-dsym";
				PRODUCT_NAME = "CZKit Headers";
				WRAPPER_EXTENSION = bundle;
			};
			name = Release;
		};
		4AE50EAA11F941DA00E27282 /* Debug */ = {
			isa = XCBuildConfiguration;
			buildSettings = {
				FRAMEWORK_SEARCH_PATHS = "$(DEVELOPER_LIBRARY_DIR)/Frameworks";
				GCC_PRECOMPILE_PREFIX_HEADER = YES;
				GCC_PREFIX_HEADER = Shared/Prefix.pch;
				INFOPLIST_FILE = Tests/Info.plist;
				OTHER_LDFLAGS = (
					"-framework",
					SenTestingKit,
				);
				PREBINDING = NO;
				PRODUCT_NAME = CZKitUnitTests;
				WRAPPER_EXTENSION = octest;
			};
			name = Debug;
		};
		4AE50EAB11F941DA00E27282 /* Release */ = {
			isa = XCBuildConfiguration;
			buildSettings = {
				FRAMEWORK_SEARCH_PATHS = "$(DEVELOPER_LIBRARY_DIR)/Frameworks";
				GCC_PRECOMPILE_PREFIX_HEADER = YES;
				GCC_PREFIX_HEADER = Shared/Prefix.pch;
				INFOPLIST_FILE = Tests/Info.plist;
				OTHER_LDFLAGS = (
					"-framework",
					SenTestingKit,
				);
				PREBINDING = NO;
				PRODUCT_NAME = CZKitUnitTests;
				WRAPPER_EXTENSION = octest;
			};
			name = Release;
		};
		4AE511FF11FA4DDA00E27282 /* Debug */ = {
			isa = XCBuildConfiguration;
			buildSettings = {
				PRODUCT_NAME = "Build All";
			};
			name = Debug;
		};
		4AE5120011FA4DDA00E27282 /* Release */ = {
			isa = XCBuildConfiguration;
			buildSettings = {
				PRODUCT_NAME = "Build All";
			};
			name = Release;
		};
/* End XCBuildConfiguration section */

/* Begin XCConfigurationList section */
		4A0A272411F90F5C00223866 /* Build configuration list for PBXProject "CZKit" */ = {
			isa = XCConfigurationList;
			buildConfigurations = (
				4A0A273811F90F5D00223866 /* Debug */,
				4A0A273911F90F5D00223866 /* Release */,
			);
			defaultConfigurationIsVisible = 0;
			defaultConfigurationName = Release;
		};
		4A0A273A11F90F5D00223866 /* Build configuration list for PBXNativeTarget "CZKit" */ = {
			isa = XCConfigurationList;
			buildConfigurations = (
				4A0A273B11F90F5D00223866 /* Debug */,
				4A0A273C11F90F5D00223866 /* Release */,
			);
			defaultConfigurationIsVisible = 0;
			defaultConfigurationName = Release;
		};
		4A9F946B120DF52B004CBE02 /* Build configuration list for PBXNativeTarget "CZCore" */ = {
			isa = XCConfigurationList;
			buildConfigurations = (
				4A9F946C120DF52B004CBE02 /* Debug */,
				4A9F946D120DF52B004CBE02 /* Release */,
			);
			defaultConfigurationIsVisible = 0;
			defaultConfigurationName = Release;
		};
		4ABCBFD311F9130800851859 /* Build configuration list for PBXNativeTarget "CZCategories" */ = {
			isa = XCConfigurationList;
			buildConfigurations = (
				4ABCBFD111F9130800851859 /* Debug */,
				4ABCBFD211F9130800851859 /* Release */,
			);
			defaultConfigurationIsVisible = 0;
			defaultConfigurationName = Release;
		};
		4AE50DD811F927A900E27282 /* Build configuration list for PBXNativeTarget "CZUtilities" */ = {
			isa = XCConfigurationList;
			buildConfigurations = (
				4AE50DD911F927A900E27282 /* Debug */,
				4AE50DDA11F927A900E27282 /* Release */,
			);
			defaultConfigurationIsVisible = 0;
			defaultConfigurationName = Release;
		};
		4AE50E0611F928DD00E27282 /* Build configuration list for PBXNativeTarget "CZUI" */ = {
			isa = XCConfigurationList;
			buildConfigurations = (
				4AE50E0711F928DD00E27282 /* Debug */,
				4AE50E0811F928DD00E27282 /* Release */,
			);
			defaultConfigurationIsVisible = 0;
			defaultConfigurationName = Release;
		};
		4AE50E2911F92A2000E27282 /* Build configuration list for PBXAggregateTarget "CZKit Documentation" */ = {
			isa = XCConfigurationList;
			buildConfigurations = (
				4AE50E1F11F92A0800E27282 /* Debug */,
				4AE50E2011F92A0800E27282 /* Release */,
			);
			defaultConfigurationIsVisible = 0;
			defaultConfigurationName = Release;
		};
		4AE50E6411F93B2D00E27282 /* Build configuration list for PBXNativeTarget "CZKit Headers" */ = {
			isa = XCConfigurationList;
			buildConfigurations = (
				4AE50E6211F93B2D00E27282 /* Debug */,
				4AE50E6311F93B2D00E27282 /* Release */,
			);
			defaultConfigurationIsVisible = 0;
			defaultConfigurationName = Release;
		};
		4AE50EAC11F941DA00E27282 /* Build configuration list for PBXNativeTarget "CZKit Unit Tests" */ = {
			isa = XCConfigurationList;
			buildConfigurations = (
				4AE50EAA11F941DA00E27282 /* Debug */,
				4AE50EAB11F941DA00E27282 /* Release */,
			);
			defaultConfigurationIsVisible = 0;
			defaultConfigurationName = Release;
		};
		4AE5121411FA4E2A00E27282 /* Build configuration list for PBXAggregateTarget "Build All" */ = {
			isa = XCConfigurationList;
			buildConfigurations = (
				4AE511FF11FA4DDA00E27282 /* Debug */,
				4AE5120011FA4DDA00E27282 /* Release */,
			);
			defaultConfigurationIsVisible = 0;
			defaultConfigurationName = Release;
		};
/* End XCConfigurationList section */
	};
	rootObject = 4A0A272111F90F5C00223866 /* Project object */;
}
